// !$*UTF8*$!
{
	archiveVersion = 1;
	classes = {
	};
	objectVersion = 46;
	objects = {

/* Begin PBXBuildFile section */
		844C59F418DC8BA000082AE1 /* LocalStoreHelper.m in Sources */ = {isa = PBXBuildFile; fileRef = 844C59F318DC8BA000082AE1 /* LocalStoreHelper.m */; };
		84D659CA18E478F700F64AF8 /* CoreData.framework in Frameworks */ = {isa = PBXBuildFile; fileRef = 84D659C918E478F700F64AF8 /* CoreData.framework */; };
		84D659CD18E4795800F64AF8 /* BlogModel.xcdatamodeld in Sources */ = {isa = PBXBuildFile; fileRef = 84D659CB18E4795800F64AF8 /* BlogModel.xcdatamodeld */; };
		8B00658B1908B14A002CA03F /* CopyConnection.framework in Frameworks */ = {isa = PBXBuildFile; fileRef = 8B0065391908B14A002CA03F /* CopyConnection.framework */; };
		8B00658C1908B14A002CA03F /* DouBanConnection.framework in Frameworks */ = {isa = PBXBuildFile; fileRef = 8B00653A1908B14A002CA03F /* DouBanConnection.framework */; };
		8B00658D1908B14A002CA03F /* DropboxConnection.framework in Frameworks */ = {isa = PBXBuildFile; fileRef = 8B00653B1908B14A002CA03F /* DropboxConnection.framework */; };
		8B00658E1908B14A002CA03F /* EverNoteConnection.framework in Frameworks */ = {isa = PBXBuildFile; fileRef = 8B00653C1908B14A002CA03F /* EverNoteConnection.framework */; };
		8B00658F1908B14A002CA03F /* FacebookConnection.framework in Frameworks */ = {isa = PBXBuildFile; fileRef = 8B00653D1908B14A002CA03F /* FacebookConnection.framework */; };
		8B0065901908B14A002CA03F /* FlickrConnection.framework in Frameworks */ = {isa = PBXBuildFile; fileRef = 8B00653E1908B14A002CA03F /* FlickrConnection.framework */; };
		8B0065911908B14A002CA03F /* GooglePlusConnection.framework in Frameworks */ = {isa = PBXBuildFile; fileRef = 8B00653F1908B14A002CA03F /* GooglePlusConnection.framework */; };
		8B0065921908B14A002CA03F /* InstagramConnection.framework in Frameworks */ = {isa = PBXBuildFile; fileRef = 8B0065401908B14A002CA03F /* InstagramConnection.framework */; };
		8B0065931908B14A002CA03F /* InstapaperConnection.framework in Frameworks */ = {isa = PBXBuildFile; fileRef = 8B0065411908B14A002CA03F /* InstapaperConnection.framework */; };
		8B0065941908B14A002CA03F /* InstapaperResource.bundle in Resources */ = {isa = PBXBuildFile; fileRef = 8B0065421908B14A002CA03F /* InstapaperResource.bundle */; };
		8B0065951908B14A002CA03F /* KaiXinConnection.framework in Frameworks */ = {isa = PBXBuildFile; fileRef = 8B0065431908B14A002CA03F /* KaiXinConnection.framework */; };
		8B0065961908B14A002CA03F /* LinkedInConnection.framework in Frameworks */ = {isa = PBXBuildFile; fileRef = 8B0065441908B14A002CA03F /* LinkedInConnection.framework */; };
		8B0065971908B14A002CA03F /* MailConnection.framework in Frameworks */ = {isa = PBXBuildFile; fileRef = 8B0065451908B14A002CA03F /* MailConnection.framework */; };
		8B0065981908B14A002CA03F /* PinterestConnection.framework in Frameworks */ = {isa = PBXBuildFile; fileRef = 8B0065461908B14A002CA03F /* PinterestConnection.framework */; };
		8B0065991908B14A002CA03F /* PocketConnection.framework in Frameworks */ = {isa = PBXBuildFile; fileRef = 8B0065471908B14A002CA03F /* PocketConnection.framework */; };
		8B00659A1908B14A002CA03F /* PrintConnection.framework in Frameworks */ = {isa = PBXBuildFile; fileRef = 8B0065481908B14A002CA03F /* PrintConnection.framework */; };
		8B00659B1908B14A002CA03F /* QQConnection.framework in Frameworks */ = {isa = PBXBuildFile; fileRef = 8B0065491908B14A002CA03F /* QQConnection.framework */; };
		8B00659C1908B14A002CA03F /* QZoneConnection.framework in Frameworks */ = {isa = PBXBuildFile; fileRef = 8B00654A1908B14A002CA03F /* QZoneConnection.framework */; };
		8B00659D1908B14A002CA03F /* RenRenConnection.framework in Frameworks */ = {isa = PBXBuildFile; fileRef = 8B00654B1908B14A002CA03F /* RenRenConnection.framework */; };
		8B00659E1908B14A002CA03F /* SinaWeiboConnection.framework in Frameworks */ = {isa = PBXBuildFile; fileRef = 8B00654C1908B14A002CA03F /* SinaWeiboConnection.framework */; };
		8B00659F1908B14A002CA03F /* SMSConnection.framework in Frameworks */ = {isa = PBXBuildFile; fileRef = 8B00654D1908B14A002CA03F /* SMSConnection.framework */; };
		8B0065A01908B14A002CA03F /* SohuConnection.framework in Frameworks */ = {isa = PBXBuildFile; fileRef = 8B00654E1908B14A002CA03F /* SohuConnection.framework */; };
		8B0065A11908B14A002CA03F /* SohuWeiboConnection.framework in Frameworks */ = {isa = PBXBuildFile; fileRef = 8B00654F1908B14A002CA03F /* SohuWeiboConnection.framework */; };
		8B0065A21908B14A002CA03F /* T163WeiboConnection.framework in Frameworks */ = {isa = PBXBuildFile; fileRef = 8B0065501908B14A002CA03F /* T163WeiboConnection.framework */; };
		8B0065A31908B14A002CA03F /* TencentWeiboConnection.framework in Frameworks */ = {isa = PBXBuildFile; fileRef = 8B0065511908B14A002CA03F /* TencentWeiboConnection.framework */; };
		8B0065A41908B14A002CA03F /* TumblrConnection.framework in Frameworks */ = {isa = PBXBuildFile; fileRef = 8B0065521908B14A002CA03F /* TumblrConnection.framework */; };
		8B0065A51908B14A002CA03F /* TwitterConnection.framework in Frameworks */ = {isa = PBXBuildFile; fileRef = 8B0065531908B14A002CA03F /* TwitterConnection.framework */; };
		8B0065A61908B14A002CA03F /* VKontakteConnection.framework in Frameworks */ = {isa = PBXBuildFile; fileRef = 8B0065541908B14A002CA03F /* VKontakteConnection.framework */; };
		8B0065A71908B14A002CA03F /* WeChatConnection.framework in Frameworks */ = {isa = PBXBuildFile; fileRef = 8B0065551908B14A002CA03F /* WeChatConnection.framework */; };
		8B0065A81908B14A002CA03F /* YiXinConnection.framework in Frameworks */ = {isa = PBXBuildFile; fileRef = 8B0065561908B14A002CA03F /* YiXinConnection.framework */; };
		8B0065A91908B14A002CA03F /* YouDaoNoteConnection.framework in Frameworks */ = {isa = PBXBuildFile; fileRef = 8B0065571908B14A002CA03F /* YouDaoNoteConnection.framework */; };
		8B0065AA1908B14A002CA03F /* AGCommon.framework in Frameworks */ = {isa = PBXBuildFile; fileRef = 8B0065591908B14A002CA03F /* AGCommon.framework */; };
		8B0065AB1908B14A002CA03F /* ShareSDKLocalizable.strings in Resources */ = {isa = PBXBuildFile; fileRef = 8B00655A1908B14A002CA03F /* ShareSDKLocalizable.strings */; };
		8B0065AC1908B14A002CA03F /* Resource.bundle in Resources */ = {isa = PBXBuildFile; fileRef = 8B00655C1908B14A002CA03F /* Resource.bundle */; };
		8B0065AD1908B14A002CA03F /* ShareSDKCoreService.framework in Frameworks */ = {isa = PBXBuildFile; fileRef = 8B00655D1908B14A002CA03F /* ShareSDKCoreService.framework */; };
		8B0065AE1908B14A002CA03F /* GoogleOpenSource.framework in Frameworks */ = {isa = PBXBuildFile; fileRef = 8B0065611908B14A002CA03F /* GoogleOpenSource.framework */; };
		8B0065AF1908B14A002CA03F /* GooglePlus.bundle in Resources */ = {isa = PBXBuildFile; fileRef = 8B0065621908B14A002CA03F /* GooglePlus.bundle */; };
		8B0065B01908B14A002CA03F /* GooglePlus.framework in Frameworks */ = {isa = PBXBuildFile; fileRef = 8B0065631908B14A002CA03F /* GooglePlus.framework */; };
		8B0065B11908B14A002CA03F /* Pinterest.framework in Frameworks */ = {isa = PBXBuildFile; fileRef = 8B0065651908B14A002CA03F /* Pinterest.framework */; };
		8B0065B21908B14A002CA03F /* PinterestSDKResources.bundle in Resources */ = {isa = PBXBuildFile; fileRef = 8B0065671908B14A002CA03F /* PinterestSDKResources.bundle */; };
		8B0065B31908B14A002CA03F /* TencentOpenAPI.framework in Frameworks */ = {isa = PBXBuildFile; fileRef = 8B0065691908B14A002CA03F /* TencentOpenAPI.framework */; };
		8B0065B41908B14A002CA03F /* TencentOpenApi_IOS_Bundle.bundle in Resources */ = {isa = PBXBuildFile; fileRef = 8B00656A1908B14A002CA03F /* TencentOpenApi_IOS_Bundle.bundle */; };
		8B0065B51908B14A002CA03F /* RennSDK.bundle in Resources */ = {isa = PBXBuildFile; fileRef = 8B00656C1908B14A002CA03F /* RennSDK.bundle */; };
		8B0065B61908B14A002CA03F /* RennSDK.framework in Frameworks */ = {isa = PBXBuildFile; fileRef = 8B00656D1908B14A002CA03F /* RennSDK.framework */; };
		8B0065B71908B14A002CA03F /* libSinaWeiboSDK.a in Frameworks */ = {isa = PBXBuildFile; fileRef = 8B00656F1908B14A002CA03F /* libSinaWeiboSDK.a */; };
		8B0065B81908B14A002CA03F /* WeiboSDK.bundle in Resources */ = {isa = PBXBuildFile; fileRef = 8B0065701908B14A002CA03F /* WeiboSDK.bundle */; };
		8B0065B91908B14A002CA03F /* libTCWeiboSDK.a in Frameworks */ = {isa = PBXBuildFile; fileRef = 8B0065731908B14A002CA03F /* libTCWeiboSDK.a */; };
		8B0065BA1908B14A002CA03F /* libWeChatSDK.a in Frameworks */ = {isa = PBXBuildFile; fileRef = 8B0065761908B14A002CA03F /* libWeChatSDK.a */; };
		8B0065BB1908B14A002CA03F /* libYixinSDK.a in Frameworks */ = {isa = PBXBuildFile; fileRef = 8B00657A1908B14A002CA03F /* libYixinSDK.a */; };
		8B0065BC1908B14A002CA03F /* ShareSDK.framework in Frameworks */ = {isa = PBXBuildFile; fileRef = 8B00657D1908B14A002CA03F /* ShareSDK.framework */; };
		8B0065BD1908B14B002CA03F /* ShareSDKFlatShareViewUI.bundle in Resources */ = {isa = PBXBuildFile; fileRef = 8B00657F1908B14A002CA03F /* ShareSDKFlatShareViewUI.bundle */; };
		8B0065BE1908B14B002CA03F /* ShareSDKFlatShareViewUI.framework in Frameworks */ = {isa = PBXBuildFile; fileRef = 8B0065801908B14A002CA03F /* ShareSDKFlatShareViewUI.framework */; };
		8B0065BF1908B14B002CA03F /* ShareSDKiPadDefaultShareViewUI.bundle in Resources */ = {isa = PBXBuildFile; fileRef = 8B0065811908B14A002CA03F /* ShareSDKiPadDefaultShareViewUI.bundle */; };
		8B0065C01908B14B002CA03F /* ShareSDKiPadDefaultShareViewUI.framework in Frameworks */ = {isa = PBXBuildFile; fileRef = 8B0065821908B14A002CA03F /* ShareSDKiPadDefaultShareViewUI.framework */; };
		8B0065C11908B14B002CA03F /* ShareSDKiPadSimpleShareViewUI.bundle in Resources */ = {isa = PBXBuildFile; fileRef = 8B0065831908B14A002CA03F /* ShareSDKiPadSimpleShareViewUI.bundle */; };
		8B0065C21908B14B002CA03F /* ShareSDKiPadSimpleShareViewUI.framework in Frameworks */ = {isa = PBXBuildFile; fileRef = 8B0065841908B14A002CA03F /* ShareSDKiPadSimpleShareViewUI.framework */; };
		8B0065C31908B14B002CA03F /* ShareSDKiPhoneAppRecommendShareViewUI.framework in Frameworks */ = {isa = PBXBuildFile; fileRef = 8B0065851908B14A002CA03F /* ShareSDKiPhoneAppRecommendShareViewUI.framework */; };
		8B0065C41908B14B002CA03F /* ShareSDKiPhoneDefaultShareViewUI.bundle in Resources */ = {isa = PBXBuildFile; fileRef = 8B0065861908B14A002CA03F /* ShareSDKiPhoneDefaultShareViewUI.bundle */; };
		8B0065C51908B14B002CA03F /* ShareSDKiPhoneDefaultShareViewUI.framework in Frameworks */ = {isa = PBXBuildFile; fileRef = 8B0065871908B14A002CA03F /* ShareSDKiPhoneDefaultShareViewUI.framework */; };
		8B0065C61908B14B002CA03F /* ShareSDKiPhoneSimpleShareViewUI.bundle in Resources */ = {isa = PBXBuildFile; fileRef = 8B0065881908B14A002CA03F /* ShareSDKiPhoneSimpleShareViewUI.bundle */; };
		8B0065C71908B14B002CA03F /* ShareSDKiPhoneSimpleShareViewUI.framework in Frameworks */ = {isa = PBXBuildFile; fileRef = 8B0065891908B14A002CA03F /* ShareSDKiPhoneSimpleShareViewUI.framework */; };
		8B0065C81908B14B002CA03F /* ShareSDKShareActionSheet.framework in Frameworks */ = {isa = PBXBuildFile; fileRef = 8B00658A1908B14A002CA03F /* ShareSDKShareActionSheet.framework */; };
		8B0065CC1908B1DA002CA03F /* GDataXMLNode.m in Sources */ = {isa = PBXBuildFile; fileRef = 8B0065CB1908B1DA002CA03F /* GDataXMLNode.m */; };
		8B0065CF1908B2B5002CA03F /* MBProgressHUD.m in Sources */ = {isa = PBXBuildFile; fileRef = 8B0065CE1908B2B5002CA03F /* MBProgressHUD.m */; };
		8B0065D11908B61E002CA03F /* SystemConfiguration.framework in Frameworks */ = {isa = PBXBuildFile; fileRef = 8B0065D01908B61E002CA03F /* SystemConfiguration.framework */; };
		8B0065D31908B62F002CA03F /* QuartzCore.framework in Frameworks */ = {isa = PBXBuildFile; fileRef = 8B0065D21908B62F002CA03F /* QuartzCore.framework */; };
		8B0065D51908B64A002CA03F /* CoreTelephony.framework in Frameworks */ = {isa = PBXBuildFile; fileRef = 8B0065D41908B64A002CA03F /* CoreTelephony.framework */; };
		8B0065D71908B66C002CA03F /* libicucore.dylib in Frameworks */ = {isa = PBXBuildFile; fileRef = 8B0065D61908B66C002CA03F /* libicucore.dylib */; };
		8B0065D91908B677002CA03F /* libz.1.2.5.dylib in Frameworks */ = {isa = PBXBuildFile; fileRef = 8B0065D81908B677002CA03F /* libz.1.2.5.dylib */; };
		8B0065DB1908B67F002CA03F /* Security.framework in Frameworks */ = {isa = PBXBuildFile; fileRef = 8B0065DA1908B67F002CA03F /* Security.framework */; };
		8B0065DD1908B6BB002CA03F /* MessageUI.framework in Frameworks */ = {isa = PBXBuildFile; fileRef = 8B0065DC1908B6BB002CA03F /* MessageUI.framework */; };
		8B0065DF1908B711002CA03F /* libxml2.2.dylib in Frameworks */ = {isa = PBXBuildFile; fileRef = 8B0065DE1908B711002CA03F /* libxml2.2.dylib */; };
		8B1A59EA18A85EF700FF41E2 /* BlogViewController.m in Sources */ = {isa = PBXBuildFile; fileRef = 8B1A59E918A85EF700FF41E2 /* BlogViewController.m */; };
		8B1C2F8E188D0A8B00F4E0AA /* Channel.m in Sources */ = {isa = PBXBuildFile; fileRef = 8B1C2F8D188D0A8B00F4E0AA /* Channel.m */; };
		8B1C2F91188D18A000F4E0AA /* TestFile.m in Sources */ = {isa = PBXBuildFile; fileRef = 8B1C2F90188D18A000F4E0AA /* TestFile.m */; };
		8B1C2F94188D1FCC00F4E0AA /* Item.m in Sources */ = {isa = PBXBuildFile; fileRef = 8B1C2F93188D1FCC00F4E0AA /* Item.m */; };
		8B1DE7DB185A9DED009DEEC6 /* Foundation.framework in Frameworks */ = {isa = PBXBuildFile; fileRef = 8B1DE7DA185A9DED009DEEC6 /* Foundation.framework */; };
		8B1DE7DD185A9DED009DEEC6 /* CoreGraphics.framework in Frameworks */ = {isa = PBXBuildFile; fileRef = 8B1DE7DC185A9DED009DEEC6 /* CoreGraphics.framework */; };
		8B1DE7DF185A9DED009DEEC6 /* UIKit.framework in Frameworks */ = {isa = PBXBuildFile; fileRef = 8B1DE7DE185A9DED009DEEC6 /* UIKit.framework */; };
		8B1DE7E5185A9DED009DEEC6 /* InfoPlist.strings in Resources */ = {isa = PBXBuildFile; fileRef = 8B1DE7E3185A9DED009DEEC6 /* InfoPlist.strings */; };
		8B1DE7E7185A9DED009DEEC6 /* main.m in Sources */ = {isa = PBXBuildFile; fileRef = 8B1DE7E6185A9DED009DEEC6 /* main.m */; };
		8B1DE7EB185A9DED009DEEC6 /* XYQAppDelegate.m in Sources */ = {isa = PBXBuildFile; fileRef = 8B1DE7EA185A9DED009DEEC6 /* XYQAppDelegate.m */; };
		8B1DE7ED185A9DED009DEEC6 /* Images.xcassets in Resources */ = {isa = PBXBuildFile; fileRef = 8B1DE7EC185A9DED009DEEC6 /* Images.xcassets */; };
		8B1DE7F4185A9DED009DEEC6 /* XCTest.framework in Frameworks */ = {isa = PBXBuildFile; fileRef = 8B1DE7F3185A9DED009DEEC6 /* XCTest.framework */; };
		8B1DE7F5185A9DED009DEEC6 /* Foundation.framework in Frameworks */ = {isa = PBXBuildFile; fileRef = 8B1DE7DA185A9DED009DEEC6 /* Foundation.framework */; };
		8B1DE7F6185A9DED009DEEC6 /* UIKit.framework in Frameworks */ = {isa = PBXBuildFile; fileRef = 8B1DE7DE185A9DED009DEEC6 /* UIKit.framework */; };
		8B1DE7FE185A9DED009DEEC6 /* InfoPlist.strings in Resources */ = {isa = PBXBuildFile; fileRef = 8B1DE7FC185A9DED009DEEC6 /* InfoPlist.strings */; };
		8B1DE800185A9DED009DEEC6 /* IOSExercise_allanxingTests.m in Sources */ = {isa = PBXBuildFile; fileRef = 8B1DE7FF185A9DED009DEEC6 /* IOSExercise_allanxingTests.m */; };
		8B231D3818E01DEF001EB550 /* Data.plist in Resources */ = {isa = PBXBuildFile; fileRef = 8B231D3718E01DEF001EB550 /* Data.plist */; };
		8B23ABED1885331E0090EFAE /* AllanXmlParse.m in Sources */ = {isa = PBXBuildFile; fileRef = 8B23ABEC1885331E0090EFAE /* AllanXmlParse.m */; };
		8B2CC4F318A5FED1005A7898 /* AboutViewController.m in Sources */ = {isa = PBXBuildFile; fileRef = 8B2CC4F218A5FED1005A7898 /* AboutViewController.m */; };
		8B2CC4F918A6262F005A7898 /* book_24.png in Resources */ = {isa = PBXBuildFile; fileRef = 8B2CC4F818A6262F005A7898 /* book_24.png */; };
		8B2CC4FB18A62769005A7898 /* info_24.png in Resources */ = {isa = PBXBuildFile; fileRef = 8B2CC4FA18A62769005A7898 /* info_24.png */; };
		8B3623F818AB556B00346320 /* testFeed.xml in Resources */ = {isa = PBXBuildFile; fileRef = 8B3623F718AB556B00346320 /* testFeed.xml */; };
		8B3A8808190E33370027EC59 /* ArticleTableViewCell.m in Sources */ = {isa = PBXBuildFile; fileRef = 8B3A8806190E33370027EC59 /* ArticleTableViewCell.m */; };
		8B3A8809190E33370027EC59 /* ArticleTableViewCell.xib in Resources */ = {isa = PBXBuildFile; fileRef = 8B3A8807190E33370027EC59 /* ArticleTableViewCell.xib */; };
		8B3A880C190E337F0027EC59 /* DetailViewController.m in Sources */ = {isa = PBXBuildFile; fileRef = 8B3A880B190E337F0027EC59 /* DetailViewController.m */; };
		8B5E41A918E5748C001A840D /* Entity2.m in Sources */ = {isa = PBXBuildFile; fileRef = 8B5E41A818E5748C001A840D /* Entity2.m */; };
		8B5E41AC18E5748C001A840D /* Entity.m in Sources */ = {isa = PBXBuildFile; fileRef = 8B5E41AB18E5748C001A840D /* Entity.m */; };
		8B920DD81905142D00EC693B /* CommonLib.m in Sources */ = {isa = PBXBuildFile; fileRef = 8B920DD71905142D00EC693B /* CommonLib.m */; };
		8B943FF318963D1C0010BA5B /* Main.storyboard in Resources */ = {isa = PBXBuildFile; fileRef = 8B943FF218963D1C0010BA5B /* Main.storyboard */; };
		8BB0E80018DAD2B900073A49 /* NSDateUtilities.m in Sources */ = {isa = PBXBuildFile; fileRef = 8BB0E7FF18DAD2B900073A49 /* NSDateUtilities.m */; };
		8BC376911915EDB000CD1C17 /* iAd.framework in Frameworks */ = {isa = PBXBuildFile; fileRef = 8BC376901915EDB000CD1C17 /* iAd.framework */; };
		8BC3769D191609C000CD1C17 /* UIViewController+IAd.m in Sources */ = {isa = PBXBuildFile; fileRef = 8BC3769C191609C000CD1C17 /* UIViewController+IAd.m */; };
		8BC3769F19160BB700CD1C17 /* BlogTableViewController.m in Sources */ = {isa = PBXBuildFile; fileRef = 8BC3769E19160BB700CD1C17 /* BlogTableViewController.m */; };
		8BDC0A7918B359B800E81A21 /* WebViewPhoneCache.m in Sources */ = {isa = PBXBuildFile; fileRef = 8BDC0A7818B359B800E81A21 /* WebViewPhoneCache.m */; };
		8BE6D51E18AE0456008EC2B7 /* UIView+NibLoading.m in Sources */ = {isa = PBXBuildFile; fileRef = 8BE6D51D18AE0456008EC2B7 /* UIView+NibLoading.m */; };
		8BF6A0DE18616CD300BAE6A5 /* mtTableView.m in Sources */ = {isa = PBXBuildFile; fileRef = 8BF6A0DD18616CD300BAE6A5 /* mtTableView.m */; };
		8BF6A5361861943E00BAE6A5 /* Application.xib in Resources */ = {isa = PBXBuildFile; fileRef = 8BF6A5351861943E00BAE6A5 /* Application.xib */; };
		8BFB843E186D5D9E004C9AF0 /* NSURLConnectionExercise.m in Sources */ = {isa = PBXBuildFile; fileRef = 8BFB843D186D5D9E004C9AF0 /* NSURLConnectionExercise.m */; };
/* End PBXBuildFile section */

/* Begin PBXContainerItemProxy section */
		8B1DE7F7185A9DED009DEEC6 /* PBXContainerItemProxy */ = {
			isa = PBXContainerItemProxy;
			containerPortal = 8B1DE7CF185A9DED009DEEC6 /* Project object */;
			proxyType = 1;
			remoteGlobalIDString = 8B1DE7D6185A9DED009DEEC6;
			remoteInfo = IOSExercise_allanxing;
		};
/* End PBXContainerItemProxy section */

/* Begin PBXFileReference section */
		844C59F218DC8BA000082AE1 /* LocalStoreHelper.h */ = {isa = PBXFileReference; fileEncoding = 4; lastKnownFileType = sourcecode.c.h; name = LocalStoreHelper.h; path = Utility/LocalStoreHelper.h; sourceTree = "<group>"; };
		844C59F318DC8BA000082AE1 /* LocalStoreHelper.m */ = {isa = PBXFileReference; fileEncoding = 4; lastKnownFileType = sourcecode.c.objc; name = LocalStoreHelper.m; path = Utility/LocalStoreHelper.m; sourceTree = "<group>"; };
		848583F118E7FA6D006793F7 /* Constant.h */ = {isa = PBXFileReference; lastKnownFileType = sourcecode.c.h; name = Constant.h; path = Commen/Constant.h; sourceTree = "<group>"; };
		84D659C918E478F700F64AF8 /* CoreData.framework */ = {isa = PBXFileReference; lastKnownFileType = wrapper.framework; name = CoreData.framework; path = System/Library/Frameworks/CoreData.framework; sourceTree = SDKROOT; };
		84D659CC18E4795800F64AF8 /* BlogModel.xcdatamodel */ = {isa = PBXFileReference; lastKnownFileType = wrapper.xcdatamodel; path = BlogModel.xcdatamodel; sourceTree = "<group>"; };
		8B0065391908B14A002CA03F /* CopyConnection.framework */ = {isa = PBXFileReference; lastKnownFileType = wrapper.framework; path = CopyConnection.framework; sourceTree = "<group>"; };
		8B00653A1908B14A002CA03F /* DouBanConnection.framework */ = {isa = PBXFileReference; lastKnownFileType = wrapper.framework; path = DouBanConnection.framework; sourceTree = "<group>"; };
		8B00653B1908B14A002CA03F /* DropboxConnection.framework */ = {isa = PBXFileReference; lastKnownFileType = wrapper.framework; path = DropboxConnection.framework; sourceTree = "<group>"; };
		8B00653C1908B14A002CA03F /* EverNoteConnection.framework */ = {isa = PBXFileReference; lastKnownFileType = wrapper.framework; path = EverNoteConnection.framework; sourceTree = "<group>"; };
		8B00653D1908B14A002CA03F /* FacebookConnection.framework */ = {isa = PBXFileReference; lastKnownFileType = wrapper.framework; path = FacebookConnection.framework; sourceTree = "<group>"; };
		8B00653E1908B14A002CA03F /* FlickrConnection.framework */ = {isa = PBXFileReference; lastKnownFileType = wrapper.framework; path = FlickrConnection.framework; sourceTree = "<group>"; };
		8B00653F1908B14A002CA03F /* GooglePlusConnection.framework */ = {isa = PBXFileReference; lastKnownFileType = wrapper.framework; path = GooglePlusConnection.framework; sourceTree = "<group>"; };
		8B0065401908B14A002CA03F /* InstagramConnection.framework */ = {isa = PBXFileReference; lastKnownFileType = wrapper.framework; path = InstagramConnection.framework; sourceTree = "<group>"; };
		8B0065411908B14A002CA03F /* InstapaperConnection.framework */ = {isa = PBXFileReference; lastKnownFileType = wrapper.framework; path = InstapaperConnection.framework; sourceTree = "<group>"; };
		8B0065421908B14A002CA03F /* InstapaperResource.bundle */ = {isa = PBXFileReference; lastKnownFileType = "wrapper.plug-in"; path = InstapaperResource.bundle; sourceTree = "<group>"; };
		8B0065431908B14A002CA03F /* KaiXinConnection.framework */ = {isa = PBXFileReference; lastKnownFileType = wrapper.framework; path = KaiXinConnection.framework; sourceTree = "<group>"; };
		8B0065441908B14A002CA03F /* LinkedInConnection.framework */ = {isa = PBXFileReference; lastKnownFileType = wrapper.framework; path = LinkedInConnection.framework; sourceTree = "<group>"; };
		8B0065451908B14A002CA03F /* MailConnection.framework */ = {isa = PBXFileReference; lastKnownFileType = wrapper.framework; path = MailConnection.framework; sourceTree = "<group>"; };
		8B0065461908B14A002CA03F /* PinterestConnection.framework */ = {isa = PBXFileReference; lastKnownFileType = wrapper.framework; path = PinterestConnection.framework; sourceTree = "<group>"; };
		8B0065471908B14A002CA03F /* PocketConnection.framework */ = {isa = PBXFileReference; lastKnownFileType = wrapper.framework; path = PocketConnection.framework; sourceTree = "<group>"; };
		8B0065481908B14A002CA03F /* PrintConnection.framework */ = {isa = PBXFileReference; lastKnownFileType = wrapper.framework; path = PrintConnection.framework; sourceTree = "<group>"; };
		8B0065491908B14A002CA03F /* QQConnection.framework */ = {isa = PBXFileReference; lastKnownFileType = wrapper.framework; path = QQConnection.framework; sourceTree = "<group>"; };
		8B00654A1908B14A002CA03F /* QZoneConnection.framework */ = {isa = PBXFileReference; lastKnownFileType = wrapper.framework; path = QZoneConnection.framework; sourceTree = "<group>"; };
		8B00654B1908B14A002CA03F /* RenRenConnection.framework */ = {isa = PBXFileReference; lastKnownFileType = wrapper.framework; path = RenRenConnection.framework; sourceTree = "<group>"; };
		8B00654C1908B14A002CA03F /* SinaWeiboConnection.framework */ = {isa = PBXFileReference; lastKnownFileType = wrapper.framework; path = SinaWeiboConnection.framework; sourceTree = "<group>"; };
		8B00654D1908B14A002CA03F /* SMSConnection.framework */ = {isa = PBXFileReference; lastKnownFileType = wrapper.framework; path = SMSConnection.framework; sourceTree = "<group>"; };
		8B00654E1908B14A002CA03F /* SohuConnection.framework */ = {isa = PBXFileReference; lastKnownFileType = wrapper.framework; path = SohuConnection.framework; sourceTree = "<group>"; };
		8B00654F1908B14A002CA03F /* SohuWeiboConnection.framework */ = {isa = PBXFileReference; lastKnownFileType = wrapper.framework; path = SohuWeiboConnection.framework; sourceTree = "<group>"; };
		8B0065501908B14A002CA03F /* T163WeiboConnection.framework */ = {isa = PBXFileReference; lastKnownFileType = wrapper.framework; path = T163WeiboConnection.framework; sourceTree = "<group>"; };
		8B0065511908B14A002CA03F /* TencentWeiboConnection.framework */ = {isa = PBXFileReference; lastKnownFileType = wrapper.framework; path = TencentWeiboConnection.framework; sourceTree = "<group>"; };
		8B0065521908B14A002CA03F /* TumblrConnection.framework */ = {isa = PBXFileReference; lastKnownFileType = wrapper.framework; path = TumblrConnection.framework; sourceTree = "<group>"; };
		8B0065531908B14A002CA03F /* TwitterConnection.framework */ = {isa = PBXFileReference; lastKnownFileType = wrapper.framework; path = TwitterConnection.framework; sourceTree = "<group>"; };
		8B0065541908B14A002CA03F /* VKontakteConnection.framework */ = {isa = PBXFileReference; lastKnownFileType = wrapper.framework; path = VKontakteConnection.framework; sourceTree = "<group>"; };
		8B0065551908B14A002CA03F /* WeChatConnection.framework */ = {isa = PBXFileReference; lastKnownFileType = wrapper.framework; path = WeChatConnection.framework; sourceTree = "<group>"; };
		8B0065561908B14A002CA03F /* YiXinConnection.framework */ = {isa = PBXFileReference; lastKnownFileType = wrapper.framework; path = YiXinConnection.framework; sourceTree = "<group>"; };
		8B0065571908B14A002CA03F /* YouDaoNoteConnection.framework */ = {isa = PBXFileReference; lastKnownFileType = wrapper.framework; path = YouDaoNoteConnection.framework; sourceTree = "<group>"; };
		8B0065591908B14A002CA03F /* AGCommon.framework */ = {isa = PBXFileReference; lastKnownFileType = wrapper.framework; path = AGCommon.framework; sourceTree = "<group>"; };
		8B00655B1908B14A002CA03F /* en */ = {isa = PBXFileReference; lastKnownFileType = text.plist.strings; name = en; path = en.lproj/ShareSDKLocalizable.strings; sourceTree = "<group>"; };
		8B00655C1908B14A002CA03F /* Resource.bundle */ = {isa = PBXFileReference; lastKnownFileType = "wrapper.plug-in"; path = Resource.bundle; sourceTree = "<group>"; };
		8B00655D1908B14A002CA03F /* ShareSDKCoreService.framework */ = {isa = PBXFileReference; lastKnownFileType = wrapper.framework; path = ShareSDKCoreService.framework; sourceTree = "<group>"; };
		8B00655E1908B14A002CA03F /* zh-Hans */ = {isa = PBXFileReference; lastKnownFileType = text.plist.strings; name = "zh-Hans"; path = "zh-Hans.lproj/ShareSDKLocalizable.strings"; sourceTree = "<group>"; };
		8B0065611908B14A002CA03F /* GoogleOpenSource.framework */ = {isa = PBXFileReference; lastKnownFileType = wrapper.framework; path = GoogleOpenSource.framework; sourceTree = "<group>"; };
		8B0065621908B14A002CA03F /* GooglePlus.bundle */ = {isa = PBXFileReference; lastKnownFileType = "wrapper.plug-in"; path = GooglePlus.bundle; sourceTree = "<group>"; };
		8B0065631908B14A002CA03F /* GooglePlus.framework */ = {isa = PBXFileReference; lastKnownFileType = wrapper.framework; path = GooglePlus.framework; sourceTree = "<group>"; };
		8B0065651908B14A002CA03F /* Pinterest.framework */ = {isa = PBXFileReference; lastKnownFileType = wrapper.framework; path = Pinterest.framework; sourceTree = "<group>"; };
		8B0065671908B14A002CA03F /* PinterestSDKResources.bundle */ = {isa = PBXFileReference; lastKnownFileType = "wrapper.plug-in"; path = PinterestSDKResources.bundle; sourceTree = "<group>"; };
		8B0065691908B14A002CA03F /* TencentOpenAPI.framework */ = {isa = PBXFileReference; lastKnownFileType = wrapper.framework; path = TencentOpenAPI.framework; sourceTree = "<group>"; };
		8B00656A1908B14A002CA03F /* TencentOpenApi_IOS_Bundle.bundle */ = {isa = PBXFileReference; lastKnownFileType = "wrapper.plug-in"; path = TencentOpenApi_IOS_Bundle.bundle; sourceTree = "<group>"; };
		8B00656C1908B14A002CA03F /* RennSDK.bundle */ = {isa = PBXFileReference; lastKnownFileType = "wrapper.plug-in"; path = RennSDK.bundle; sourceTree = "<group>"; };
		8B00656D1908B14A002CA03F /* RennSDK.framework */ = {isa = PBXFileReference; lastKnownFileType = wrapper.framework; path = RennSDK.framework; sourceTree = "<group>"; };
		8B00656F1908B14A002CA03F /* libSinaWeiboSDK.a */ = {isa = PBXFileReference; lastKnownFileType = archive.ar; path = libSinaWeiboSDK.a; sourceTree = "<group>"; };
		8B0065701908B14A002CA03F /* WeiboSDK.bundle */ = {isa = PBXFileReference; lastKnownFileType = "wrapper.plug-in"; path = WeiboSDK.bundle; sourceTree = "<group>"; };
		8B0065711908B14A002CA03F /* WeiboSDK.h */ = {isa = PBXFileReference; fileEncoding = 4; lastKnownFileType = sourcecode.c.h; path = WeiboSDK.h; sourceTree = "<group>"; };
		8B0065731908B14A002CA03F /* libTCWeiboSDK.a */ = {isa = PBXFileReference; lastKnownFileType = archive.ar; path = libTCWeiboSDK.a; sourceTree = "<group>"; };
		8B0065741908B14A002CA03F /* WeiboApi.h */ = {isa = PBXFileReference; fileEncoding = 4; lastKnownFileType = sourcecode.c.h; path = WeiboApi.h; sourceTree = "<group>"; };
		8B0065761908B14A002CA03F /* libWeChatSDK.a */ = {isa = PBXFileReference; lastKnownFileType = archive.ar; path = libWeChatSDK.a; sourceTree = "<group>"; };
		8B0065771908B14A002CA03F /* WXApi.h */ = {isa = PBXFileReference; fileEncoding = 4; lastKnownFileType = sourcecode.c.h; path = WXApi.h; sourceTree = "<group>"; };
		8B0065781908B14A002CA03F /* WXApiObject.h */ = {isa = PBXFileReference; fileEncoding = 4; lastKnownFileType = sourcecode.c.h; path = WXApiObject.h; sourceTree = "<group>"; };
		8B00657A1908B14A002CA03F /* libYixinSDK.a */ = {isa = PBXFileReference; lastKnownFileType = archive.ar; path = libYixinSDK.a; sourceTree = "<group>"; };
		8B00657B1908B14A002CA03F /* YXApi.h */ = {isa = PBXFileReference; fileEncoding = 4; lastKnownFileType = sourcecode.c.h; path = YXApi.h; sourceTree = "<group>"; };
		8B00657C1908B14A002CA03F /* YXApiObject.h */ = {isa = PBXFileReference; fileEncoding = 4; lastKnownFileType = sourcecode.c.h; path = YXApiObject.h; sourceTree = "<group>"; };
		8B00657D1908B14A002CA03F /* ShareSDK.framework */ = {isa = PBXFileReference; lastKnownFileType = wrapper.framework; path = ShareSDK.framework; sourceTree = "<group>"; };
		8B00657F1908B14A002CA03F /* ShareSDKFlatShareViewUI.bundle */ = {isa = PBXFileReference; lastKnownFileType = "wrapper.plug-in"; path = ShareSDKFlatShareViewUI.bundle; sourceTree = "<group>"; };
		8B0065801908B14A002CA03F /* ShareSDKFlatShareViewUI.framework */ = {isa = PBXFileReference; lastKnownFileType = wrapper.framework; path = ShareSDKFlatShareViewUI.framework; sourceTree = "<group>"; };
		8B0065811908B14A002CA03F /* ShareSDKiPadDefaultShareViewUI.bundle */ = {isa = PBXFileReference; lastKnownFileType = "wrapper.plug-in"; path = ShareSDKiPadDefaultShareViewUI.bundle; sourceTree = "<group>"; };
		8B0065821908B14A002CA03F /* ShareSDKiPadDefaultShareViewUI.framework */ = {isa = PBXFileReference; lastKnownFileType = wrapper.framework; path = ShareSDKiPadDefaultShareViewUI.framework; sourceTree = "<group>"; };
		8B0065831908B14A002CA03F /* ShareSDKiPadSimpleShareViewUI.bundle */ = {isa = PBXFileReference; lastKnownFileType = "wrapper.plug-in"; path = ShareSDKiPadSimpleShareViewUI.bundle; sourceTree = "<group>"; };
		8B0065841908B14A002CA03F /* ShareSDKiPadSimpleShareViewUI.framework */ = {isa = PBXFileReference; lastKnownFileType = wrapper.framework; path = ShareSDKiPadSimpleShareViewUI.framework; sourceTree = "<group>"; };
		8B0065851908B14A002CA03F /* ShareSDKiPhoneAppRecommendShareViewUI.framework */ = {isa = PBXFileReference; lastKnownFileType = wrapper.framework; path = ShareSDKiPhoneAppRecommendShareViewUI.framework; sourceTree = "<group>"; };
		8B0065861908B14A002CA03F /* ShareSDKiPhoneDefaultShareViewUI.bundle */ = {isa = PBXFileReference; lastKnownFileType = "wrapper.plug-in"; path = ShareSDKiPhoneDefaultShareViewUI.bundle; sourceTree = "<group>"; };
		8B0065871908B14A002CA03F /* ShareSDKiPhoneDefaultShareViewUI.framework */ = {isa = PBXFileReference; lastKnownFileType = wrapper.framework; path = ShareSDKiPhoneDefaultShareViewUI.framework; sourceTree = "<group>"; };
		8B0065881908B14A002CA03F /* ShareSDKiPhoneSimpleShareViewUI.bundle */ = {isa = PBXFileReference; lastKnownFileType = "wrapper.plug-in"; path = ShareSDKiPhoneSimpleShareViewUI.bundle; sourceTree = "<group>"; };
		8B0065891908B14A002CA03F /* ShareSDKiPhoneSimpleShareViewUI.framework */ = {isa = PBXFileReference; lastKnownFileType = wrapper.framework; path = ShareSDKiPhoneSimpleShareViewUI.framework; sourceTree = "<group>"; };
		8B00658A1908B14A002CA03F /* ShareSDKShareActionSheet.framework */ = {isa = PBXFileReference; lastKnownFileType = wrapper.framework; path = ShareSDKShareActionSheet.framework; sourceTree = "<group>"; };
		8B0065CA1908B1DA002CA03F /* GDataXMLNode.h */ = {isa = PBXFileReference; fileEncoding = 4; lastKnownFileType = sourcecode.c.h; path = GDataXMLNode.h; sourceTree = "<group>"; };
		8B0065CB1908B1DA002CA03F /* GDataXMLNode.m */ = {isa = PBXFileReference; fileEncoding = 4; lastKnownFileType = sourcecode.c.objc; path = GDataXMLNode.m; sourceTree = "<group>"; };
		8B0065CD1908B2B5002CA03F /* MBProgressHUD.h */ = {isa = PBXFileReference; fileEncoding = 4; lastKnownFileType = sourcecode.c.h; name = MBProgressHUD.h; path = Utility/MBProgressHUD/MBProgressHUD.h; sourceTree = "<group>"; };
		8B0065CE1908B2B5002CA03F /* MBProgressHUD.m */ = {isa = PBXFileReference; fileEncoding = 4; lastKnownFileType = sourcecode.c.objc; name = MBProgressHUD.m; path = Utility/MBProgressHUD/MBProgressHUD.m; sourceTree = "<group>"; };
		8B0065D01908B61E002CA03F /* SystemConfiguration.framework */ = {isa = PBXFileReference; lastKnownFileType = wrapper.framework; name = SystemConfiguration.framework; path = System/Library/Frameworks/SystemConfiguration.framework; sourceTree = SDKROOT; };
		8B0065D21908B62F002CA03F /* QuartzCore.framework */ = {isa = PBXFileReference; lastKnownFileType = wrapper.framework; name = QuartzCore.framework; path = System/Library/Frameworks/QuartzCore.framework; sourceTree = SDKROOT; };
		8B0065D41908B64A002CA03F /* CoreTelephony.framework */ = {isa = PBXFileReference; lastKnownFileType = wrapper.framework; name = CoreTelephony.framework; path = System/Library/Frameworks/CoreTelephony.framework; sourceTree = SDKROOT; };
		8B0065D61908B66C002CA03F /* libicucore.dylib */ = {isa = PBXFileReference; lastKnownFileType = "compiled.mach-o.dylib"; name = libicucore.dylib; path = usr/lib/libicucore.dylib; sourceTree = SDKROOT; };
		8B0065D81908B677002CA03F /* libz.1.2.5.dylib */ = {isa = PBXFileReference; lastKnownFileType = "compiled.mach-o.dylib"; name = libz.1.2.5.dylib; path = usr/lib/libz.1.2.5.dylib; sourceTree = SDKROOT; };
		8B0065DA1908B67F002CA03F /* Security.framework */ = {isa = PBXFileReference; lastKnownFileType = wrapper.framework; name = Security.framework; path = System/Library/Frameworks/Security.framework; sourceTree = SDKROOT; };
		8B0065DC1908B6BB002CA03F /* MessageUI.framework */ = {isa = PBXFileReference; lastKnownFileType = wrapper.framework; name = MessageUI.framework; path = System/Library/Frameworks/MessageUI.framework; sourceTree = SDKROOT; };
		8B0065DE1908B711002CA03F /* libxml2.2.dylib */ = {isa = PBXFileReference; lastKnownFileType = "compiled.mach-o.dylib"; name = libxml2.2.dylib; path = usr/lib/libxml2.2.dylib; sourceTree = SDKROOT; };
		8B1A59E818A85EF700FF41E2 /* BlogViewController.h */ = {isa = PBXFileReference; fileEncoding = 4; lastKnownFileType = sourcecode.c.h; name = BlogViewController.h; path = Controllers/BlogViewController.h; sourceTree = "<group>"; };
		8B1A59E918A85EF700FF41E2 /* BlogViewController.m */ = {isa = PBXFileReference; fileEncoding = 4; lastKnownFileType = sourcecode.c.objc; name = BlogViewController.m; path = Controllers/BlogViewController.m; sourceTree = "<group>"; };
		8B1C2F8C188D0A8B00F4E0AA /* Channel.h */ = {isa = PBXFileReference; fileEncoding = 4; lastKnownFileType = sourcecode.c.h; path = Channel.h; sourceTree = "<group>"; };
		8B1C2F8D188D0A8B00F4E0AA /* Channel.m */ = {isa = PBXFileReference; fileEncoding = 4; lastKnownFileType = sourcecode.c.objc; path = Channel.m; sourceTree = "<group>"; };
		8B1C2F8F188D18A000F4E0AA /* TestFile.h */ = {isa = PBXFileReference; fileEncoding = 4; lastKnownFileType = sourcecode.c.h; path = TestFile.h; sourceTree = "<group>"; };
		8B1C2F90188D18A000F4E0AA /* TestFile.m */ = {isa = PBXFileReference; fileEncoding = 4; lastKnownFileType = sourcecode.c.objc; path = TestFile.m; sourceTree = "<group>"; };
		8B1C2F92188D1FCC00F4E0AA /* Item.h */ = {isa = PBXFileReference; fileEncoding = 4; lastKnownFileType = sourcecode.c.h; path = Item.h; sourceTree = "<group>"; };
		8B1C2F93188D1FCC00F4E0AA /* Item.m */ = {isa = PBXFileReference; fileEncoding = 4; lastKnownFileType = sourcecode.c.objc; path = Item.m; sourceTree = "<group>"; };
		8B1DE7D7185A9DED009DEEC6 /* MSBLogs_AllanXing.app */ = {isa = PBXFileReference; explicitFileType = wrapper.application; includeInIndex = 0; path = MSBLogs_AllanXing.app; sourceTree = BUILT_PRODUCTS_DIR; };
		8B1DE7DA185A9DED009DEEC6 /* Foundation.framework */ = {isa = PBXFileReference; lastKnownFileType = wrapper.framework; name = Foundation.framework; path = System/Library/Frameworks/Foundation.framework; sourceTree = SDKROOT; };
		8B1DE7DC185A9DED009DEEC6 /* CoreGraphics.framework */ = {isa = PBXFileReference; lastKnownFileType = wrapper.framework; name = CoreGraphics.framework; path = System/Library/Frameworks/CoreGraphics.framework; sourceTree = SDKROOT; };
		8B1DE7DE185A9DED009DEEC6 /* UIKit.framework */ = {isa = PBXFileReference; lastKnownFileType = wrapper.framework; name = UIKit.framework; path = System/Library/Frameworks/UIKit.framework; sourceTree = SDKROOT; };
		8B1DE7E2185A9DED009DEEC6 /* MSBLogs_AllanXing-Info.plist */ = {isa = PBXFileReference; lastKnownFileType = text.plist.xml; path = "MSBLogs_AllanXing-Info.plist"; sourceTree = "<group>"; };
		8B1DE7E4185A9DED009DEEC6 /* en */ = {isa = PBXFileReference; lastKnownFileType = text.plist.strings; name = en; path = en.lproj/InfoPlist.strings; sourceTree = "<group>"; };
		8B1DE7E6185A9DED009DEEC6 /* main.m */ = {isa = PBXFileReference; lastKnownFileType = sourcecode.c.objc; path = main.m; sourceTree = "<group>"; };
		8B1DE7E8185A9DED009DEEC6 /* MSBLogs_AllanXing-Prefix.pch */ = {isa = PBXFileReference; lastKnownFileType = sourcecode.c.h; path = "MSBLogs_AllanXing-Prefix.pch"; sourceTree = "<group>"; };
		8B1DE7E9185A9DED009DEEC6 /* XYQAppDelegate.h */ = {isa = PBXFileReference; lastKnownFileType = sourcecode.c.h; path = XYQAppDelegate.h; sourceTree = "<group>"; };
		8B1DE7EA185A9DED009DEEC6 /* XYQAppDelegate.m */ = {isa = PBXFileReference; lastKnownFileType = sourcecode.c.objc; path = XYQAppDelegate.m; sourceTree = "<group>"; };
		8B1DE7EC185A9DED009DEEC6 /* Images.xcassets */ = {isa = PBXFileReference; lastKnownFileType = folder.assetcatalog; path = Images.xcassets; sourceTree = "<group>"; };
		8B1DE7F2185A9DED009DEEC6 /* MSBLogs_AllanXingTests.xctest */ = {isa = PBXFileReference; explicitFileType = wrapper.cfbundle; includeInIndex = 0; path = MSBLogs_AllanXingTests.xctest; sourceTree = BUILT_PRODUCTS_DIR; };
		8B1DE7F3185A9DED009DEEC6 /* XCTest.framework */ = {isa = PBXFileReference; lastKnownFileType = wrapper.framework; name = XCTest.framework; path = Library/Frameworks/XCTest.framework; sourceTree = DEVELOPER_DIR; };
		8B1DE7FB185A9DED009DEEC6 /* MSBLogs_AllanXingTests-Info.plist */ = {isa = PBXFileReference; lastKnownFileType = text.plist.xml; path = "MSBLogs_AllanXingTests-Info.plist"; sourceTree = "<group>"; };
		8B1DE7FD185A9DED009DEEC6 /* en */ = {isa = PBXFileReference; lastKnownFileType = text.plist.strings; name = en; path = en.lproj/InfoPlist.strings; sourceTree = "<group>"; };
		8B1DE7FF185A9DED009DEEC6 /* IOSExercise_allanxingTests.m */ = {isa = PBXFileReference; lastKnownFileType = sourcecode.c.objc; path = IOSExercise_allanxingTests.m; sourceTree = "<group>"; };
		8B231D3718E01DEF001EB550 /* Data.plist */ = {isa = PBXFileReference; fileEncoding = 4; lastKnownFileType = text.plist.xml; name = Data.plist; path = Resource/Data.plist; sourceTree = SOURCE_ROOT; };
		8B23ABEA1884DEDC0090EFAE /* AllanNetWorkProtocol.h */ = {isa = PBXFileReference; lastKnownFileType = sourcecode.c.h; name = AllanNetWorkProtocol.h; path = IOSExercise_allanxing/AllanNetWorkProtocol.h; sourceTree = "<group>"; };
		8B23ABEB1885331E0090EFAE /* AllanXmlParse.h */ = {isa = PBXFileReference; fileEncoding = 4; lastKnownFileType = sourcecode.c.h; path = AllanXmlParse.h; sourceTree = "<group>"; };
		8B23ABEC1885331E0090EFAE /* AllanXmlParse.m */ = {isa = PBXFileReference; fileEncoding = 4; lastKnownFileType = sourcecode.c.objc; path = AllanXmlParse.m; sourceTree = "<group>"; };
		8B2CC4F118A5FED1005A7898 /* AboutViewController.h */ = {isa = PBXFileReference; fileEncoding = 4; lastKnownFileType = sourcecode.c.h; path = AboutViewController.h; sourceTree = "<group>"; };
		8B2CC4F218A5FED1005A7898 /* AboutViewController.m */ = {isa = PBXFileReference; fileEncoding = 4; lastKnownFileType = sourcecode.c.objc; path = AboutViewController.m; sourceTree = "<group>"; };
		8B2CC4F818A6262F005A7898 /* book_24.png */ = {isa = PBXFileReference; lastKnownFileType = image.png; path = book_24.png; sourceTree = "<group>"; };
		8B2CC4FA18A62769005A7898 /* info_24.png */ = {isa = PBXFileReference; lastKnownFileType = image.png; path = info_24.png; sourceTree = "<group>"; };
		8B3623F718AB556B00346320 /* testFeed.xml */ = {isa = PBXFileReference; explicitFileType = text.xml; fileEncoding = 4; lineEnding = 0; path = testFeed.xml; sourceTree = "<group>"; };
		8B3A8805190E33370027EC59 /* ArticleTableViewCell.h */ = {isa = PBXFileReference; fileEncoding = 4; lastKnownFileType = sourcecode.c.h; name = ArticleTableViewCell.h; path = Views/ArticleTableViewCell.h; sourceTree = "<group>"; };
		8B3A8806190E33370027EC59 /* ArticleTableViewCell.m */ = {isa = PBXFileReference; fileEncoding = 4; lastKnownFileType = sourcecode.c.objc; name = ArticleTableViewCell.m; path = Views/ArticleTableViewCell.m; sourceTree = "<group>"; };
		8B3A8807190E33370027EC59 /* ArticleTableViewCell.xib */ = {isa = PBXFileReference; fileEncoding = 4; lastKnownFileType = file.xib; name = ArticleTableViewCell.xib; path = Views/ArticleTableViewCell.xib; sourceTree = "<group>"; };
		8B3A880A190E337F0027EC59 /* DetailViewController.h */ = {isa = PBXFileReference; fileEncoding = 4; lastKnownFileType = sourcecode.c.h; name = DetailViewController.h; path = Controllers/DetailViewController.h; sourceTree = "<group>"; };
		8B3A880B190E337F0027EC59 /* DetailViewController.m */ = {isa = PBXFileReference; fileEncoding = 4; lastKnownFileType = sourcecode.c.objc; name = DetailViewController.m; path = Controllers/DetailViewController.m; sourceTree = "<group>"; };
		8B4F04E5190A0DD100342EBD /* GlobalMacro.h */ = {isa = PBXFileReference; lastKnownFileType = sourcecode.c.h; path = GlobalMacro.h; sourceTree = "<group>"; };
		8B5E41A718E5748C001A840D /* Entity2.h */ = {isa = PBXFileReference; fileEncoding = 4; lastKnownFileType = sourcecode.c.h; name = Entity2.h; path = Models/CoreDataEntity/Entity2.h; sourceTree = "<group>"; };
		8B5E41A818E5748C001A840D /* Entity2.m */ = {isa = PBXFileReference; fileEncoding = 4; lastKnownFileType = sourcecode.c.objc; name = Entity2.m; path = Models/CoreDataEntity/Entity2.m; sourceTree = "<group>"; };
		8B5E41AA18E5748C001A840D /* Entity.h */ = {isa = PBXFileReference; fileEncoding = 4; lastKnownFileType = sourcecode.c.h; name = Entity.h; path = Models/CoreDataEntity/Entity.h; sourceTree = "<group>"; };
		8B5E41AB18E5748C001A840D /* Entity.m */ = {isa = PBXFileReference; fileEncoding = 4; lastKnownFileType = sourcecode.c.objc; name = Entity.m; path = Models/CoreDataEntity/Entity.m; sourceTree = "<group>"; };
		8B920DD61905142D00EC693B /* CommonLib.h */ = {isa = PBXFileReference; fileEncoding = 4; lastKnownFileType = sourcecode.c.h; name = CommonLib.h; path = Commen/CommonLib.h; sourceTree = "<group>"; };
		8B920DD71905142D00EC693B /* CommonLib.m */ = {isa = PBXFileReference; fileEncoding = 4; lastKnownFileType = sourcecode.c.objc; name = CommonLib.m; path = Commen/CommonLib.m; sourceTree = "<group>"; };
		8B943FA918960A9D0010BA5B /* libxml2.dylib */ = {isa = PBXFileReference; lastKnownFileType = "compiled.mach-o.dylib"; name = libxml2.dylib; path = Platforms/iPhoneOS.platform/Developer/SDKs/iPhoneOS6.0.sdk/usr/lib/libxml2.dylib; sourceTree = DEVELOPER_DIR; };
		8B943FF218963D1C0010BA5B /* Main.storyboard */ = {isa = PBXFileReference; fileEncoding = 4; lastKnownFileType = file.storyboard; name = Main.storyboard; path = Views/Main.storyboard; sourceTree = "<group>"; };
		8B943FF4189645CA0010BA5B /* BlogTableViewController.h */ = {isa = PBXFileReference; fileEncoding = 4; lastKnownFileType = sourcecode.c.h; name = BlogTableViewController.h; path = Controllers/BlogTableViewController.h; sourceTree = "<group>"; };
		8BB0E7FE18DAD2B900073A49 /* NSDateUtilities.h */ = {isa = PBXFileReference; fileEncoding = 4; lastKnownFileType = sourcecode.c.h; path = NSDateUtilities.h; sourceTree = "<group>"; };
		8BB0E7FF18DAD2B900073A49 /* NSDateUtilities.m */ = {isa = PBXFileReference; fileEncoding = 4; lastKnownFileType = sourcecode.c.objc; path = NSDateUtilities.m; sourceTree = "<group>"; };
		8BC376901915EDB000CD1C17 /* iAd.framework */ = {isa = PBXFileReference; lastKnownFileType = wrapper.framework; name = iAd.framework; path = System/Library/Frameworks/iAd.framework; sourceTree = SDKROOT; };
		8BC3769B191609C000CD1C17 /* UIViewController+IAd.h */ = {isa = PBXFileReference; fileEncoding = 4; lastKnownFileType = sourcecode.c.h; name = "UIViewController+IAd.h"; path = "Category/UIViewController+IAd.h"; sourceTree = "<group>"; };
		8BC3769C191609C000CD1C17 /* UIViewController+IAd.m */ = {isa = PBXFileReference; fileEncoding = 4; lastKnownFileType = sourcecode.c.objc; name = "UIViewController+IAd.m"; path = "Category/UIViewController+IAd.m"; sourceTree = "<group>"; };
		8BC3769E19160BB700CD1C17 /* BlogTableViewController.m */ = {isa = PBXFileReference; fileEncoding = 4; lastKnownFileType = sourcecode.c.objc; name = BlogTableViewController.m; path = Controllers/BlogTableViewController.m; sourceTree = "<group>"; };
		8BDC0A7718B359B800E81A21 /* WebViewPhoneCache.h */ = {isa = PBXFileReference; fileEncoding = 4; lastKnownFileType = sourcecode.c.h; name = WebViewPhoneCache.h; path = Utility/WebViewPhotoCache/WebViewPhoneCache.h; sourceTree = "<group>"; };
		8BDC0A7818B359B800E81A21 /* WebViewPhoneCache.m */ = {isa = PBXFileReference; fileEncoding = 4; lastKnownFileType = sourcecode.c.objc; name = WebViewPhoneCache.m; path = Utility/WebViewPhotoCache/WebViewPhoneCache.m; sourceTree = "<group>"; };
		8BE6D51C18AE0456008EC2B7 /* UIView+NibLoading.h */ = {isa = PBXFileReference; fileEncoding = 4; lastKnownFileType = sourcecode.c.h; path = "UIView+NibLoading.h"; sourceTree = "<group>"; };
		8BE6D51D18AE0456008EC2B7 /* UIView+NibLoading.m */ = {isa = PBXFileReference; fileEncoding = 4; lastKnownFileType = sourcecode.c.objc; path = "UIView+NibLoading.m"; sourceTree = "<group>"; };
		8BF6A0DC18616CD300BAE6A5 /* mtTableView.h */ = {isa = PBXFileReference; fileEncoding = 4; lastKnownFileType = sourcecode.c.h; path = mtTableView.h; sourceTree = "<group>"; };
		8BF6A0DD18616CD300BAE6A5 /* mtTableView.m */ = {isa = PBXFileReference; fileEncoding = 4; lastKnownFileType = sourcecode.c.objc; path = mtTableView.m; sourceTree = "<group>"; };
		8BF6A5351861943E00BAE6A5 /* Application.xib */ = {isa = PBXFileReference; fileEncoding = 4; lastKnownFileType = file.xib; name = Application.xib; path = IOSExercise_allanxing/Application.xib; sourceTree = "<group>"; };
		8BFB843C186D5D9E004C9AF0 /* NSURLConnectionExercise.h */ = {isa = PBXFileReference; fileEncoding = 4; lastKnownFileType = sourcecode.c.h; name = NSURLConnectionExercise.h; path = IOSExercise_allanxing/NSURLConnectionExercise.h; sourceTree = "<group>"; };
		8BFB843D186D5D9E004C9AF0 /* NSURLConnectionExercise.m */ = {isa = PBXFileReference; fileEncoding = 4; lastKnownFileType = sourcecode.c.objc; name = NSURLConnectionExercise.m; path = IOSExercise_allanxing/NSURLConnectionExercise.m; sourceTree = "<group>"; };
/* End PBXFileReference section */

/* Begin PBXFrameworksBuildPhase section */
		8B1DE7D4185A9DED009DEEC6 /* Frameworks */ = {
			isa = PBXFrameworksBuildPhase;
			buildActionMask = 2147483647;
			files = (
				8BC376911915EDB000CD1C17 /* iAd.framework in Frameworks */,
				8B0065DF1908B711002CA03F /* libxml2.2.dylib in Frameworks */,
				8B0065DD1908B6BB002CA03F /* MessageUI.framework in Frameworks */,
				8B0065DB1908B67F002CA03F /* Security.framework in Frameworks */,
				8B0065D91908B677002CA03F /* libz.1.2.5.dylib in Frameworks */,
				8B0065D71908B66C002CA03F /* libicucore.dylib in Frameworks */,
				8B0065D51908B64A002CA03F /* CoreTelephony.framework in Frameworks */,
				8B0065D31908B62F002CA03F /* QuartzCore.framework in Frameworks */,
				8B0065D11908B61E002CA03F /* SystemConfiguration.framework in Frameworks */,
				8B0065C31908B14B002CA03F /* ShareSDKiPhoneAppRecommendShareViewUI.framework in Frameworks */,
				8B0065B91908B14A002CA03F /* libTCWeiboSDK.a in Frameworks */,
				8B0065A61908B14A002CA03F /* VKontakteConnection.framework in Frameworks */,
				8B0065C81908B14B002CA03F /* ShareSDKShareActionSheet.framework in Frameworks */,
				8B0065991908B14A002CA03F /* PocketConnection.framework in Frameworks */,
				8B0065AE1908B14A002CA03F /* GoogleOpenSource.framework in Frameworks */,
				8B0065C71908B14B002CA03F /* ShareSDKiPhoneSimpleShareViewUI.framework in Frameworks */,
				8B0065BB1908B14A002CA03F /* libYixinSDK.a in Frameworks */,
				8B0065921908B14A002CA03F /* InstagramConnection.framework in Frameworks */,
				8B0065AA1908B14A002CA03F /* AGCommon.framework in Frameworks */,
				8B0065A31908B14A002CA03F /* TencentWeiboConnection.framework in Frameworks */,
				84D659CA18E478F700F64AF8 /* CoreData.framework in Frameworks */,
				8B1DE7DD185A9DED009DEEC6 /* CoreGraphics.framework in Frameworks */,
				8B0065AD1908B14A002CA03F /* ShareSDKCoreService.framework in Frameworks */,
				8B0065A21908B14A002CA03F /* T163WeiboConnection.framework in Frameworks */,
				8B0065B71908B14A002CA03F /* libSinaWeiboSDK.a in Frameworks */,
				8B0065951908B14A002CA03F /* KaiXinConnection.framework in Frameworks */,
				8B0065BE1908B14B002CA03F /* ShareSDKFlatShareViewUI.framework in Frameworks */,
				8B0065971908B14A002CA03F /* MailConnection.framework in Frameworks */,
				8B0065A01908B14A002CA03F /* SohuConnection.framework in Frameworks */,
				8B0065B31908B14A002CA03F /* TencentOpenAPI.framework in Frameworks */,
				8B0065C01908B14B002CA03F /* ShareSDKiPadDefaultShareViewUI.framework in Frameworks */,
				8B0065BC1908B14A002CA03F /* ShareSDK.framework in Frameworks */,
				8B0065A91908B14A002CA03F /* YouDaoNoteConnection.framework in Frameworks */,
				8B0065C51908B14B002CA03F /* ShareSDKiPhoneDefaultShareViewUI.framework in Frameworks */,
				8B0065A71908B14A002CA03F /* WeChatConnection.framework in Frameworks */,
				8B00659B1908B14A002CA03F /* QQConnection.framework in Frameworks */,
				8B0065911908B14A002CA03F /* GooglePlusConnection.framework in Frameworks */,
				8B0065961908B14A002CA03F /* LinkedInConnection.framework in Frameworks */,
				8B00659E1908B14A002CA03F /* SinaWeiboConnection.framework in Frameworks */,
				8B0065931908B14A002CA03F /* InstapaperConnection.framework in Frameworks */,
				8B0065C21908B14B002CA03F /* ShareSDKiPadSimpleShareViewUI.framework in Frameworks */,
				8B1DE7DF185A9DED009DEEC6 /* UIKit.framework in Frameworks */,
				8B0065A41908B14A002CA03F /* TumblrConnection.framework in Frameworks */,
				8B00658F1908B14A002CA03F /* FacebookConnection.framework in Frameworks */,
				8B0065A81908B14A002CA03F /* YiXinConnection.framework in Frameworks */,
				8B00658C1908B14A002CA03F /* DouBanConnection.framework in Frameworks */,
				8B0065BA1908B14A002CA03F /* libWeChatSDK.a in Frameworks */,
				8B00658E1908B14A002CA03F /* EverNoteConnection.framework in Frameworks */,
				8B00659A1908B14A002CA03F /* PrintConnection.framework in Frameworks */,
				8B00659F1908B14A002CA03F /* SMSConnection.framework in Frameworks */,
				8B0065B11908B14A002CA03F /* Pinterest.framework in Frameworks */,
				8B00659C1908B14A002CA03F /* QZoneConnection.framework in Frameworks */,
				8B0065981908B14A002CA03F /* PinterestConnection.framework in Frameworks */,
				8B0065B01908B14A002CA03F /* GooglePlus.framework in Frameworks */,
				8B00659D1908B14A002CA03F /* RenRenConnection.framework in Frameworks */,
				8B0065901908B14A002CA03F /* FlickrConnection.framework in Frameworks */,
				8B0065B61908B14A002CA03F /* RennSDK.framework in Frameworks */,
				8B00658D1908B14A002CA03F /* DropboxConnection.framework in Frameworks */,
				8B1DE7DB185A9DED009DEEC6 /* Foundation.framework in Frameworks */,
				8B0065A11908B14A002CA03F /* SohuWeiboConnection.framework in Frameworks */,
				8B0065A51908B14A002CA03F /* TwitterConnection.framework in Frameworks */,
				8B00658B1908B14A002CA03F /* CopyConnection.framework in Frameworks */,
			);
			runOnlyForDeploymentPostprocessing = 0;
		};
		8B1DE7EF185A9DED009DEEC6 /* Frameworks */ = {
			isa = PBXFrameworksBuildPhase;
			buildActionMask = 2147483647;
			files = (
				8B1DE7F4185A9DED009DEEC6 /* XCTest.framework in Frameworks */,
				8B1DE7F6185A9DED009DEEC6 /* UIKit.framework in Frameworks */,
				8B1DE7F5185A9DED009DEEC6 /* Foundation.framework in Frameworks */,
			);
			runOnlyForDeploymentPostprocessing = 0;
		};
/* End PBXFrameworksBuildPhase section */

/* Begin PBXGroup section */
		8B0065361908B057002CA03F /* Vendor */ = {
			isa = PBXGroup;
			children = (
				8B0065371908B14A002CA03F /* ShareSDK */,
			);
			name = Vendor;
			sourceTree = "<group>";
		};
		8B0065371908B14A002CA03F /* ShareSDK */ = {
			isa = PBXGroup;
			children = (
				8B0065381908B14A002CA03F /* Connection */,
				8B0065581908B14A002CA03F /* Core */,
				8B00655F1908B14A002CA03F /* Extend */,
				8B00657D1908B14A002CA03F /* ShareSDK.framework */,
				8B00657E1908B14A002CA03F /* UI */,
			);
			name = ShareSDK;
			path = Vendor/ShareSDK;
			sourceTree = "<group>";
		};
		8B0065381908B14A002CA03F /* Connection */ = {
			isa = PBXGroup;
			children = (
				8B0065391908B14A002CA03F /* CopyConnection.framework */,
				8B00653A1908B14A002CA03F /* DouBanConnection.framework */,
				8B00653B1908B14A002CA03F /* DropboxConnection.framework */,
				8B00653C1908B14A002CA03F /* EverNoteConnection.framework */,
				8B00653D1908B14A002CA03F /* FacebookConnection.framework */,
				8B00653E1908B14A002CA03F /* FlickrConnection.framework */,
				8B00653F1908B14A002CA03F /* GooglePlusConnection.framework */,
				8B0065401908B14A002CA03F /* InstagramConnection.framework */,
				8B0065411908B14A002CA03F /* InstapaperConnection.framework */,
				8B0065421908B14A002CA03F /* InstapaperResource.bundle */,
				8B0065431908B14A002CA03F /* KaiXinConnection.framework */,
				8B0065441908B14A002CA03F /* LinkedInConnection.framework */,
				8B0065451908B14A002CA03F /* MailConnection.framework */,
				8B0065461908B14A002CA03F /* PinterestConnection.framework */,
				8B0065471908B14A002CA03F /* PocketConnection.framework */,
				8B0065481908B14A002CA03F /* PrintConnection.framework */,
				8B0065491908B14A002CA03F /* QQConnection.framework */,
				8B00654A1908B14A002CA03F /* QZoneConnection.framework */,
				8B00654B1908B14A002CA03F /* RenRenConnection.framework */,
				8B00654C1908B14A002CA03F /* SinaWeiboConnection.framework */,
				8B00654D1908B14A002CA03F /* SMSConnection.framework */,
				8B00654E1908B14A002CA03F /* SohuConnection.framework */,
				8B00654F1908B14A002CA03F /* SohuWeiboConnection.framework */,
				8B0065501908B14A002CA03F /* T163WeiboConnection.framework */,
				8B0065511908B14A002CA03F /* TencentWeiboConnection.framework */,
				8B0065521908B14A002CA03F /* TumblrConnection.framework */,
				8B0065531908B14A002CA03F /* TwitterConnection.framework */,
				8B0065541908B14A002CA03F /* VKontakteConnection.framework */,
				8B0065551908B14A002CA03F /* WeChatConnection.framework */,
				8B0065561908B14A002CA03F /* YiXinConnection.framework */,
				8B0065571908B14A002CA03F /* YouDaoNoteConnection.framework */,
			);
			path = Connection;
			sourceTree = "<group>";
		};
		8B0065581908B14A002CA03F /* Core */ = {
			isa = PBXGroup;
			children = (
				8B0065591908B14A002CA03F /* AGCommon.framework */,
				8B00655A1908B14A002CA03F /* ShareSDKLocalizable.strings */,
				8B00655C1908B14A002CA03F /* Resource.bundle */,
				8B00655D1908B14A002CA03F /* ShareSDKCoreService.framework */,
			);
			path = Core;
			sourceTree = "<group>";
		};
		8B00655F1908B14A002CA03F /* Extend */ = {
			isa = PBXGroup;
			children = (
				8B0065601908B14A002CA03F /* GooglePlusSDK */,
				8B0065641908B14A002CA03F /* Pinterest.embeddedframework */,
				8B0065681908B14A002CA03F /* QQConnectSDK */,
				8B00656B1908B14A002CA03F /* RenRenSDK */,
				8B00656E1908B14A002CA03F /* SinaWeiboSDK */,
				8B0065721908B14A002CA03F /* TencentWeiboSDK */,
				8B0065751908B14A002CA03F /* WeChatSDK */,
				8B0065791908B14A002CA03F /* YiXinSDK */,
			);
			path = Extend;
			sourceTree = "<group>";
		};
		8B0065601908B14A002CA03F /* GooglePlusSDK */ = {
			isa = PBXGroup;
			children = (
				8B0065611908B14A002CA03F /* GoogleOpenSource.framework */,
				8B0065621908B14A002CA03F /* GooglePlus.bundle */,
				8B0065631908B14A002CA03F /* GooglePlus.framework */,
			);
			path = GooglePlusSDK;
			sourceTree = "<group>";
		};
		8B0065641908B14A002CA03F /* Pinterest.embeddedframework */ = {
			isa = PBXGroup;
			children = (
				8B0065651908B14A002CA03F /* Pinterest.framework */,
				8B0065661908B14A002CA03F /* Resources */,
			);
			path = Pinterest.embeddedframework;
			sourceTree = "<group>";
		};
		8B0065661908B14A002CA03F /* Resources */ = {
			isa = PBXGroup;
			children = (
				8B0065671908B14A002CA03F /* PinterestSDKResources.bundle */,
			);
			path = Resources;
			sourceTree = "<group>";
		};
		8B0065681908B14A002CA03F /* QQConnectSDK */ = {
			isa = PBXGroup;
			children = (
				8B0065691908B14A002CA03F /* TencentOpenAPI.framework */,
				8B00656A1908B14A002CA03F /* TencentOpenApi_IOS_Bundle.bundle */,
			);
			path = QQConnectSDK;
			sourceTree = "<group>";
		};
		8B00656B1908B14A002CA03F /* RenRenSDK */ = {
			isa = PBXGroup;
			children = (
				8B00656C1908B14A002CA03F /* RennSDK.bundle */,
				8B00656D1908B14A002CA03F /* RennSDK.framework */,
			);
			path = RenRenSDK;
			sourceTree = "<group>";
		};
		8B00656E1908B14A002CA03F /* SinaWeiboSDK */ = {
			isa = PBXGroup;
			children = (
				8B00656F1908B14A002CA03F /* libSinaWeiboSDK.a */,
				8B0065701908B14A002CA03F /* WeiboSDK.bundle */,
				8B0065711908B14A002CA03F /* WeiboSDK.h */,
			);
			path = SinaWeiboSDK;
			sourceTree = "<group>";
		};
		8B0065721908B14A002CA03F /* TencentWeiboSDK */ = {
			isa = PBXGroup;
			children = (
				8B0065731908B14A002CA03F /* libTCWeiboSDK.a */,
				8B0065741908B14A002CA03F /* WeiboApi.h */,
			);
			path = TencentWeiboSDK;
			sourceTree = "<group>";
		};
		8B0065751908B14A002CA03F /* WeChatSDK */ = {
			isa = PBXGroup;
			children = (
				8B0065761908B14A002CA03F /* libWeChatSDK.a */,
				8B0065771908B14A002CA03F /* WXApi.h */,
				8B0065781908B14A002CA03F /* WXApiObject.h */,
			);
			path = WeChatSDK;
			sourceTree = "<group>";
		};
		8B0065791908B14A002CA03F /* YiXinSDK */ = {
			isa = PBXGroup;
			children = (
				8B00657A1908B14A002CA03F /* libYixinSDK.a */,
				8B00657B1908B14A002CA03F /* YXApi.h */,
				8B00657C1908B14A002CA03F /* YXApiObject.h */,
			);
			path = YiXinSDK;
			sourceTree = "<group>";
		};
		8B00657E1908B14A002CA03F /* UI */ = {
			isa = PBXGroup;
			children = (
				8B00657F1908B14A002CA03F /* ShareSDKFlatShareViewUI.bundle */,
				8B0065801908B14A002CA03F /* ShareSDKFlatShareViewUI.framework */,
				8B0065811908B14A002CA03F /* ShareSDKiPadDefaultShareViewUI.bundle */,
				8B0065821908B14A002CA03F /* ShareSDKiPadDefaultShareViewUI.framework */,
				8B0065831908B14A002CA03F /* ShareSDKiPadSimpleShareViewUI.bundle */,
				8B0065841908B14A002CA03F /* ShareSDKiPadSimpleShareViewUI.framework */,
				8B0065851908B14A002CA03F /* ShareSDKiPhoneAppRecommendShareViewUI.framework */,
				8B0065861908B14A002CA03F /* ShareSDKiPhoneDefaultShareViewUI.bundle */,
				8B0065871908B14A002CA03F /* ShareSDKiPhoneDefaultShareViewUI.framework */,
				8B0065881908B14A002CA03F /* ShareSDKiPhoneSimpleShareViewUI.bundle */,
				8B0065891908B14A002CA03F /* ShareSDKiPhoneSimpleShareViewUI.framework */,
				8B00658A1908B14A002CA03F /* ShareSDKShareActionSheet.framework */,
			);
			path = UI;
			sourceTree = "<group>";
		};
		8B0065C91908B1DA002CA03F /* GDataXML */ = {
			isa = PBXGroup;
			children = (
				8B0065CA1908B1DA002CA03F /* GDataXMLNode.h */,
				8B0065CB1908B1DA002CA03F /* GDataXMLNode.m */,
			);
			name = GDataXML;
			path = Utility/GDataXML;
			sourceTree = "<group>";
		};
		8B1DE7CE185A9DED009DEEC6 = {
			isa = PBXGroup;
			children = (
				8B0065361908B057002CA03F /* Vendor */,
				8B988F71188FC696000DF2D0 /* Utility */,
				8B2CC4F618A6229E005A7898 /* Resources */,
				8B943FF7189646050010BA5B /* Commen */,
				8B943FF1189636840010BA5B /* Views */,
				8B943FAB1896295D0010BA5B /* Controllers */,
				8B3623F318AB43D800346320 /* Category */,
				8B9396A118861F75002C1583 /* Models */,
				8B1DE7E0185A9DED009DEEC6 /* IOSBlogs_allanxing */,
				8B1DE7F9185A9DED009DEEC6 /* IOSExercise_allanxingTests */,
				8B1DE7D9185A9DED009DEEC6 /* Frameworks */,
				8B1DE7D8185A9DED009DEEC6 /* Products */,
			);
			sourceTree = "<group>";
		};
		8B1DE7D8185A9DED009DEEC6 /* Products */ = {
			isa = PBXGroup;
			children = (
				8B1DE7D7185A9DED009DEEC6 /* MSBLogs_AllanXing.app */,
				8B1DE7F2185A9DED009DEEC6 /* MSBLogs_AllanXingTests.xctest */,
			);
			name = Products;
			sourceTree = "<group>";
		};
		8B1DE7D9185A9DED009DEEC6 /* Frameworks */ = {
			isa = PBXGroup;
			children = (
				8BC376901915EDB000CD1C17 /* iAd.framework */,
				8B0065DE1908B711002CA03F /* libxml2.2.dylib */,
				8B0065DC1908B6BB002CA03F /* MessageUI.framework */,
				8B0065DA1908B67F002CA03F /* Security.framework */,
				8B0065D81908B677002CA03F /* libz.1.2.5.dylib */,
				8B0065D61908B66C002CA03F /* libicucore.dylib */,
				8B0065D41908B64A002CA03F /* CoreTelephony.framework */,
				8B0065D21908B62F002CA03F /* QuartzCore.framework */,
				8B0065D01908B61E002CA03F /* SystemConfiguration.framework */,
				84D659C918E478F700F64AF8 /* CoreData.framework */,
				8B943FA918960A9D0010BA5B /* libxml2.dylib */,
				8B1DE7DA185A9DED009DEEC6 /* Foundation.framework */,
				8B1DE7DC185A9DED009DEEC6 /* CoreGraphics.framework */,
				8B1DE7DE185A9DED009DEEC6 /* UIKit.framework */,
				8B1DE7F3185A9DED009DEEC6 /* XCTest.framework */,
			);
			name = Frameworks;
			sourceTree = "<group>";
		};
		8B1DE7E0185A9DED009DEEC6 /* IOSBlogs_allanxing */ = {
			isa = PBXGroup;
			children = (
				8B1DE7E9185A9DED009DEEC6 /* XYQAppDelegate.h */,
				8B1DE7EA185A9DED009DEEC6 /* XYQAppDelegate.m */,
				8B1DE7EC185A9DED009DEEC6 /* Images.xcassets */,
				8B1DE7E1185A9DED009DEEC6 /* Supporting Files */,
				8BF6A0DC18616CD300BAE6A5 /* mtTableView.h */,
				8BF6A0DD18616CD300BAE6A5 /* mtTableView.m */,
				8B23ABEB1885331E0090EFAE /* AllanXmlParse.h */,
				8B23ABEC1885331E0090EFAE /* AllanXmlParse.m */,
				8B1C2F8F188D18A000F4E0AA /* TestFile.h */,
				8B1C2F90188D18A000F4E0AA /* TestFile.m */,
			);
			name = IOSBlogs_allanxing;
			path = IOSExercise_allanxing;
			sourceTree = "<group>";
		};
		8B1DE7E1185A9DED009DEEC6 /* Supporting Files */ = {
			isa = PBXGroup;
			children = (
				8B1DE7E2185A9DED009DEEC6 /* MSBLogs_AllanXing-Info.plist */,
				8B1DE7E3185A9DED009DEEC6 /* InfoPlist.strings */,
				8B1DE7E6185A9DED009DEEC6 /* main.m */,
				8B1DE7E8185A9DED009DEEC6 /* MSBLogs_AllanXing-Prefix.pch */,
			);
			name = "Supporting Files";
			sourceTree = "<group>";
		};
		8B1DE7F9185A9DED009DEEC6 /* IOSExercise_allanxingTests */ = {
			isa = PBXGroup;
			children = (
				8B1DE7FF185A9DED009DEEC6 /* IOSExercise_allanxingTests.m */,
				8B1DE7FA185A9DED009DEEC6 /* Supporting Files */,
			);
			path = IOSExercise_allanxingTests;
			sourceTree = "<group>";
		};
		8B1DE7FA185A9DED009DEEC6 /* Supporting Files */ = {
			isa = PBXGroup;
			children = (
				8B1DE7FB185A9DED009DEEC6 /* MSBLogs_AllanXingTests-Info.plist */,
				8B1DE7FC185A9DED009DEEC6 /* InfoPlist.strings */,
			);
			name = "Supporting Files";
			sourceTree = "<group>";
		};
		8B2CC4F618A6229E005A7898 /* Resources */ = {
			isa = PBXGroup;
			children = (
				8B2CC4F718A62537005A7898 /* Images */,
				8B3623F718AB556B00346320 /* testFeed.xml */,
				8B231D3718E01DEF001EB550 /* Data.plist */,
			);
			name = Resources;
			path = MSBLogs_AllanXing.xcodeproj;
			sourceTree = "<group>";
		};
		8B2CC4F718A62537005A7898 /* Images */ = {
			isa = PBXGroup;
			children = (
				8B2CC4FA18A62769005A7898 /* info_24.png */,
				8B2CC4F818A6262F005A7898 /* book_24.png */,
			);
			name = Images;
			sourceTree = "<group>";
		};
		8B3623F318AB43D800346320 /* Category */ = {
			isa = PBXGroup;
			children = (
				8BB0E7FE18DAD2B900073A49 /* NSDateUtilities.h */,
				8BB0E7FF18DAD2B900073A49 /* NSDateUtilities.m */,
				8BE6D51C18AE0456008EC2B7 /* UIView+NibLoading.h */,
				8BE6D51D18AE0456008EC2B7 /* UIView+NibLoading.m */,
				8BC3769B191609C000CD1C17 /* UIViewController+IAd.h */,
				8BC3769C191609C000CD1C17 /* UIViewController+IAd.m */,
			);
			name = Category;
			sourceTree = "<group>";
		};
		8B5E41A618E572B5001A840D /* CoreDataEntity */ = {
			isa = PBXGroup;
			children = (
				8B5E41AA18E5748C001A840D /* Entity.h */,
				8B5E41AB18E5748C001A840D /* Entity.m */,
				8B5E41A718E5748C001A840D /* Entity2.h */,
				8B5E41A818E5748C001A840D /* Entity2.m */,
			);
			name = CoreDataEntity;
			sourceTree = "<group>";
		};
		8B7B7A5A18E54C7E0081C53C /* LocalStore */ = {
			isa = PBXGroup;
			children = (
				844C59F218DC8BA000082AE1 /* LocalStoreHelper.h */,
				844C59F318DC8BA000082AE1 /* LocalStoreHelper.m */,
				84D659CB18E4795800F64AF8 /* BlogModel.xcdatamodeld */,
			);
			name = LocalStore;
			sourceTree = "<group>";
		};
		8B9396A118861F75002C1583 /* Models */ = {
			isa = PBXGroup;
			children = (
				8B5E41A618E572B5001A840D /* CoreDataEntity */,
				8B1C2F8C188D0A8B00F4E0AA /* Channel.h */,
				8B1C2F8D188D0A8B00F4E0AA /* Channel.m */,
				8B1C2F92188D1FCC00F4E0AA /* Item.h */,
				8B1C2F93188D1FCC00F4E0AA /* Item.m */,
			);
			name = Models;
			sourceTree = "<group>";
		};
		8B943FAB1896295D0010BA5B /* Controllers */ = {
			isa = PBXGroup;
			children = (
				8B3A880A190E337F0027EC59 /* DetailViewController.h */,
				8B3A880B190E337F0027EC59 /* DetailViewController.m */,
				8B943FF4189645CA0010BA5B /* BlogTableViewController.h */,
				8BC3769E19160BB700CD1C17 /* BlogTableViewController.m */,
				8B2CC4F118A5FED1005A7898 /* AboutViewController.h */,
				8B2CC4F218A5FED1005A7898 /* AboutViewController.m */,
				8B1A59E818A85EF700FF41E2 /* BlogViewController.h */,
				8B1A59E918A85EF700FF41E2 /* BlogViewController.m */,
			);
			name = Controllers;
			sourceTree = "<group>";
		};
		8B943FF1189636840010BA5B /* Views */ = {
			isa = PBXGroup;
			children = (
				8BF6A5351861943E00BAE6A5 /* Application.xib */,
				8B943FF218963D1C0010BA5B /* Main.storyboard */,
				8B3A8805190E33370027EC59 /* ArticleTableViewCell.h */,
				8B3A8806190E33370027EC59 /* ArticleTableViewCell.m */,
				8B3A8807190E33370027EC59 /* ArticleTableViewCell.xib */,
			);
			name = Views;
			sourceTree = "<group>";
		};
		8B943FF7189646050010BA5B /* Commen */ = {
			isa = PBXGroup;
			children = (
				848583F118E7FA6D006793F7 /* Constant.h */,
				8B920DD61905142D00EC693B /* CommonLib.h */,
				8B920DD71905142D00EC693B /* CommonLib.m */,
				8B4F04E5190A0DD100342EBD /* GlobalMacro.h */,
			);
			name = Commen;
			sourceTree = "<group>";
		};
		8B943FF8189646790010BA5B /* Connection */ = {
			isa = PBXGroup;
			children = (
				8B23ABEA1884DEDC0090EFAE /* AllanNetWorkProtocol.h */,
				8BFB843C186D5D9E004C9AF0 /* NSURLConnectionExercise.h */,
				8BFB843D186D5D9E004C9AF0 /* NSURLConnectionExercise.m */,
			);
			name = Connection;
			sourceTree = "<group>";
		};
		8B988F71188FC696000DF2D0 /* Utility */ = {
			isa = PBXGroup;
			children = (
				8B0065C91908B1DA002CA03F /* GDataXML */,
				8BAC2C9018CDACBF003AA342 /* MBProgressHUD */,
				8BDC0A7618B3587E00E81A21 /* WebViewPhotoCache */,
				8B943FF8189646790010BA5B /* Connection */,
				8B7B7A5A18E54C7E0081C53C /* LocalStore */,
			);
			name = Utility;
			sourceTree = "<group>";
		};
		8BAC2C9018CDACBF003AA342 /* MBProgressHUD */ = {
			isa = PBXGroup;
			children = (
				8B0065CD1908B2B5002CA03F /* MBProgressHUD.h */,
				8B0065CE1908B2B5002CA03F /* MBProgressHUD.m */,
			);
			name = MBProgressHUD;
			sourceTree = "<group>";
		};
		8BDC0A7618B3587E00E81A21 /* WebViewPhotoCache */ = {
			isa = PBXGroup;
			children = (
				8BDC0A7718B359B800E81A21 /* WebViewPhoneCache.h */,
				8BDC0A7818B359B800E81A21 /* WebViewPhoneCache.m */,
			);
			name = WebViewPhotoCache;
			sourceTree = "<group>";
		};
/* End PBXGroup section */

/* Begin PBXNativeTarget section */
		8B1DE7D6185A9DED009DEEC6 /* MSBLogs_AllanXing */ = {
			isa = PBXNativeTarget;
			buildConfigurationList = 8B1DE803185A9DED009DEEC6 /* Build configuration list for PBXNativeTarget "MSBLogs_AllanXing" */;
			buildPhases = (
				8B1DE7D4185A9DED009DEEC6 /* Frameworks */,
				8B1DE7D3185A9DED009DEEC6 /* Sources */,
				8B1DE7D5185A9DED009DEEC6 /* Resources */,
			);
			buildRules = (
			);
			dependencies = (
			);
			name = MSBLogs_AllanXing;
			productName = IOSExercise_allanxing;
			productReference = 8B1DE7D7185A9DED009DEEC6 /* MSBLogs_AllanXing.app */;
			productType = "com.apple.product-type.application";
		};
		8B1DE7F1185A9DED009DEEC6 /* MSBLogs_AllanXingTests */ = {
			isa = PBXNativeTarget;
			buildConfigurationList = 8B1DE806185A9DED009DEEC6 /* Build configuration list for PBXNativeTarget "MSBLogs_AllanXingTests" */;
			buildPhases = (
				8B1DE7EE185A9DED009DEEC6 /* Sources */,
				8B1DE7EF185A9DED009DEEC6 /* Frameworks */,
				8B1DE7F0185A9DED009DEEC6 /* Resources */,
			);
			buildRules = (
			);
			dependencies = (
				8B1DE7F8185A9DED009DEEC6 /* PBXTargetDependency */,
			);
			name = MSBLogs_AllanXingTests;
			productName = IOSExercise_allanxingTests;
			productReference = 8B1DE7F2185A9DED009DEEC6 /* MSBLogs_AllanXingTests.xctest */;
			productType = "com.apple.product-type.bundle.unit-test";
		};
/* End PBXNativeTarget section */

/* Begin PBXProject section */
		8B1DE7CF185A9DED009DEEC6 /* Project object */ = {
			isa = PBXProject;
			attributes = {
				CLASSPREFIX = LXF;
				LastUpgradeCheck = 0510;
				ORGANIZATIONNAME = allan;
				TargetAttributes = {
					8B1DE7F1185A9DED009DEEC6 = {
						TestTargetID = 8B1DE7D6185A9DED009DEEC6;
					};
				};
			};
			buildConfigurationList = 8B1DE7D2185A9DED009DEEC6 /* Build configuration list for PBXProject "MSBLogs_AllanXing" */;
			compatibilityVersion = "Xcode 3.2";
			developmentRegion = English;
			hasScannedForEncodings = 0;
			knownRegions = (
				en,
				"zh-Hans",
			);
			mainGroup = 8B1DE7CE185A9DED009DEEC6;
			productRefGroup = 8B1DE7D8185A9DED009DEEC6 /* Products */;
			projectDirPath = "";
			projectRoot = "";
			targets = (
				8B1DE7D6185A9DED009DEEC6 /* MSBLogs_AllanXing */,
				8B1DE7F1185A9DED009DEEC6 /* MSBLogs_AllanXingTests */,
			);
		};
/* End PBXProject section */

/* Begin PBXResourcesBuildPhase section */
		8B1DE7D5185A9DED009DEEC6 /* Resources */ = {
			isa = PBXResourcesBuildPhase;
			buildActionMask = 2147483647;
			files = (
				8B0065C61908B14B002CA03F /* ShareSDKiPhoneSimpleShareViewUI.bundle in Resources */,
				8B1DE7E5185A9DED009DEEC6 /* InfoPlist.strings in Resources */,
				8B0065AC1908B14A002CA03F /* Resource.bundle in Resources */,
				8B943FF318963D1C0010BA5B /* Main.storyboard in Resources */,
				8B0065C11908B14B002CA03F /* ShareSDKiPadSimpleShareViewUI.bundle in Resources */,
				8B0065AB1908B14A002CA03F /* ShareSDKLocalizable.strings in Resources */,
				8B0065B41908B14A002CA03F /* TencentOpenApi_IOS_Bundle.bundle in Resources */,
				8B2CC4F918A6262F005A7898 /* book_24.png in Resources */,
				8B3623F818AB556B00346320 /* testFeed.xml in Resources */,
				8B0065C41908B14B002CA03F /* ShareSDKiPhoneDefaultShareViewUI.bundle in Resources */,
				8B0065B21908B14A002CA03F /* PinterestSDKResources.bundle in Resources */,
				8B1DE7ED185A9DED009DEEC6 /* Images.xcassets in Resources */,
				8B0065941908B14A002CA03F /* InstapaperResource.bundle in Resources */,
				8B0065B51908B14A002CA03F /* RennSDK.bundle in Resources */,
				8B3A8809190E33370027EC59 /* ArticleTableViewCell.xib in Resources */,
				8B0065BD1908B14B002CA03F /* ShareSDKFlatShareViewUI.bundle in Resources */,
				8B231D3818E01DEF001EB550 /* Data.plist in Resources */,
				8B0065BF1908B14B002CA03F /* ShareSDKiPadDefaultShareViewUI.bundle in Resources */,
				8BF6A5361861943E00BAE6A5 /* Application.xib in Resources */,
				8B0065AF1908B14A002CA03F /* GooglePlus.bundle in Resources */,
				8B2CC4FB18A62769005A7898 /* info_24.png in Resources */,
				8B0065B81908B14A002CA03F /* WeiboSDK.bundle in Resources */,
			);
			runOnlyForDeploymentPostprocessing = 0;
		};
		8B1DE7F0185A9DED009DEEC6 /* Resources */ = {
			isa = PBXResourcesBuildPhase;
			buildActionMask = 2147483647;
			files = (
				8B1DE7FE185A9DED009DEEC6 /* InfoPlist.strings in Resources */,
			);
			runOnlyForDeploymentPostprocessing = 0;
		};
/* End PBXResourcesBuildPhase section */

/* Begin PBXSourcesBuildPhase section */
		8B1DE7D3185A9DED009DEEC6 /* Sources */ = {
			isa = PBXSourcesBuildPhase;
			buildActionMask = 2147483647;
			files = (
				8B5E41A918E5748C001A840D /* Entity2.m in Sources */,
				844C59F418DC8BA000082AE1 /* LocalStoreHelper.m in Sources */,
				8B3A880C190E337F0027EC59 /* DetailViewController.m in Sources */,
				8B1C2F94188D1FCC00F4E0AA /* Item.m in Sources */,
				8BB0E80018DAD2B900073A49 /* NSDateUtilities.m in Sources */,
				84D659CD18E4795800F64AF8 /* BlogModel.xcdatamodeld in Sources */,
				8BFB843E186D5D9E004C9AF0 /* NSURLConnectionExercise.m in Sources */,
				8BE6D51E18AE0456008EC2B7 /* UIView+NibLoading.m in Sources */,
				8B0065CC1908B1DA002CA03F /* GDataXMLNode.m in Sources */,
				8B1A59EA18A85EF700FF41E2 /* BlogViewController.m in Sources */,
				8B1C2F8E188D0A8B00F4E0AA /* Channel.m in Sources */,
				8BDC0A7918B359B800E81A21 /* WebViewPhoneCache.m in Sources */,
				8B5E41AC18E5748C001A840D /* Entity.m in Sources */,
				8B3A8808190E33370027EC59 /* ArticleTableViewCell.m in Sources */,
				8B1DE7E7185A9DED009DEEC6 /* main.m in Sources */,
				8B920DD81905142D00EC693B /* CommonLib.m in Sources */,
				8B23ABED1885331E0090EFAE /* AllanXmlParse.m in Sources */,
				8B0065CF1908B2B5002CA03F /* MBProgressHUD.m in Sources */,
				8B1C2F91188D18A000F4E0AA /* TestFile.m in Sources */,
				8B2CC4F318A5FED1005A7898 /* AboutViewController.m in Sources */,
				8BC3769D191609C000CD1C17 /* UIViewController+IAd.m in Sources */,
				8BF6A0DE18616CD300BAE6A5 /* mtTableView.m in Sources */,
				8B1DE7EB185A9DED009DEEC6 /* XYQAppDelegate.m in Sources */,
				8BC3769F19160BB700CD1C17 /* BlogTableViewController.m in Sources */,
			);
			runOnlyForDeploymentPostprocessing = 0;
		};
		8B1DE7EE185A9DED009DEEC6 /* Sources */ = {
			isa = PBXSourcesBuildPhase;
			buildActionMask = 2147483647;
			files = (
				8B1DE800185A9DED009DEEC6 /* IOSExercise_allanxingTests.m in Sources */,
			);
			runOnlyForDeploymentPostprocessing = 0;
		};
/* End PBXSourcesBuildPhase section */

/* Begin PBXTargetDependency section */
		8B1DE7F8185A9DED009DEEC6 /* PBXTargetDependency */ = {
			isa = PBXTargetDependency;
			target = 8B1DE7D6185A9DED009DEEC6 /* MSBLogs_AllanXing */;
			targetProxy = 8B1DE7F7185A9DED009DEEC6 /* PBXContainerItemProxy */;
		};
/* End PBXTargetDependency section */

/* Begin PBXVariantGroup section */
		8B00655A1908B14A002CA03F /* ShareSDKLocalizable.strings */ = {
			isa = PBXVariantGroup;
			children = (
				8B00655B1908B14A002CA03F /* en */,
				8B00655E1908B14A002CA03F /* zh-Hans */,
			);
			name = ShareSDKLocalizable.strings;
			sourceTree = "<group>";
		};
		8B1DE7E3185A9DED009DEEC6 /* InfoPlist.strings */ = {
			isa = PBXVariantGroup;
			children = (
				8B1DE7E4185A9DED009DEEC6 /* en */,
			);
			name = InfoPlist.strings;
			sourceTree = "<group>";
		};
		8B1DE7FC185A9DED009DEEC6 /* InfoPlist.strings */ = {
			isa = PBXVariantGroup;
			children = (
				8B1DE7FD185A9DED009DEEC6 /* en */,
			);
			name = InfoPlist.strings;
			sourceTree = "<group>";
		};
/* End PBXVariantGroup section */

/* Begin XCBuildConfiguration section */
		8B1DE801185A9DED009DEEC6 /* Debug */ = {
			isa = XCBuildConfiguration;
			buildSettings = {
				ALWAYS_SEARCH_USER_PATHS = NO;
				CLANG_CXX_LANGUAGE_STANDARD = "gnu++0x";
				CLANG_CXX_LIBRARY = "libc++";
				CLANG_ENABLE_MODULES = YES;
				CLANG_ENABLE_OBJC_ARC = YES;
				CLANG_WARN_BOOL_CONVERSION = YES;
				CLANG_WARN_CONSTANT_CONVERSION = YES;
				CLANG_WARN_DIRECT_OBJC_ISA_USAGE = YES_ERROR;
				CLANG_WARN_EMPTY_BODY = YES;
				CLANG_WARN_ENUM_CONVERSION = YES;
				CLANG_WARN_INT_CONVERSION = YES;
				CLANG_WARN_OBJC_ROOT_CLASS = YES_ERROR;
				CLANG_WARN__DUPLICATE_METHOD_MATCH = YES;
				"CODE_SIGN_IDENTITY[sdk=iphoneos*]" = "iPhone Developer";
				COPY_PHASE_STRIP = NO;
				GCC_C_LANGUAGE_STANDARD = gnu99;
				GCC_DYNAMIC_NO_PIC = NO;
				GCC_OPTIMIZATION_LEVEL = 0;
				GCC_PREPROCESSOR_DEFINITIONS = (
					"DEBUG=1",
					"$(inherited)",
				);
				GCC_SYMBOLS_PRIVATE_EXTERN = NO;
				GCC_WARN_64_TO_32_BIT_CONVERSION = YES;
				GCC_WARN_ABOUT_RETURN_TYPE = YES_ERROR;
				GCC_WARN_UNDECLARED_SELECTOR = YES;
				GCC_WARN_UNINITIALIZED_AUTOS = YES;
				GCC_WARN_UNUSED_FUNCTION = YES;
				GCC_WARN_UNUSED_VARIABLE = YES;
				IPHONEOS_DEPLOYMENT_TARGET = 7.0;
				ONLY_ACTIVE_ARCH = YES;
				SDKROOT = iphoneos;
			};
			name = Debug;
		};
		8B1DE802185A9DED009DEEC6 /* Release */ = {
			isa = XCBuildConfiguration;
			buildSettings = {
				ALWAYS_SEARCH_USER_PATHS = NO;
				CLANG_CXX_LANGUAGE_STANDARD = "gnu++0x";
				CLANG_CXX_LIBRARY = "libc++";
				CLANG_ENABLE_MODULES = YES;
				CLANG_ENABLE_OBJC_ARC = YES;
				CLANG_WARN_BOOL_CONVERSION = YES;
				CLANG_WARN_CONSTANT_CONVERSION = YES;
				CLANG_WARN_DIRECT_OBJC_ISA_USAGE = YES_ERROR;
				CLANG_WARN_EMPTY_BODY = YES;
				CLANG_WARN_ENUM_CONVERSION = YES;
				CLANG_WARN_INT_CONVERSION = YES;
				CLANG_WARN_OBJC_ROOT_CLASS = YES_ERROR;
				CLANG_WARN__DUPLICATE_METHOD_MATCH = YES;
				"CODE_SIGN_IDENTITY[sdk=iphoneos*]" = "iPhone Developer";
				COPY_PHASE_STRIP = YES;
				ENABLE_NS_ASSERTIONS = NO;
				GCC_C_LANGUAGE_STANDARD = gnu99;
				GCC_WARN_64_TO_32_BIT_CONVERSION = YES;
				GCC_WARN_ABOUT_RETURN_TYPE = YES_ERROR;
				GCC_WARN_UNDECLARED_SELECTOR = YES;
				GCC_WARN_UNINITIALIZED_AUTOS = YES;
				GCC_WARN_UNUSED_FUNCTION = YES;
				GCC_WARN_UNUSED_VARIABLE = YES;
				IPHONEOS_DEPLOYMENT_TARGET = 7.0;
				SDKROOT = iphoneos;
				VALIDATE_PRODUCT = YES;
			};
			name = Release;
		};
		8B1DE804185A9DED009DEEC6 /* Debug */ = {
			isa = XCBuildConfiguration;
			buildSettings = {
				ASSETCATALOG_COMPILER_APPICON_NAME = AppIcon;
				ASSETCATALOG_COMPILER_LAUNCHIMAGE_NAME = LaunchImage;
				FRAMEWORK_SEARCH_PATHS = (
					"$(inherited)",
					"$(PROJECT_DIR)/Vendor/ShareSDK/Connection",
					"$(PROJECT_DIR)/Vendor/ShareSDK/Core",
					"$(PROJECT_DIR)/Vendor/ShareSDK/Extend/GooglePlusSDK",
					"$(PROJECT_DIR)/Vendor/ShareSDK/Extend/Pinterest.embeddedframework",
					"$(PROJECT_DIR)/Vendor/ShareSDK/Extend/QQConnectSDK",
					"$(PROJECT_DIR)/Vendor/ShareSDK/Extend/RenRenSDK",
					"$(PROJECT_DIR)/Vendor/ShareSDK",
					"$(PROJECT_DIR)/Vendor/ShareSDK/UI",
				);
				GCC_PRECOMPILE_PREFIX_HEADER = YES;
				GCC_PREFIX_HEADER = "IOSExercise_allanxing/MSBLogs_AllanXing-Prefix.pch";
				HEADER_SEARCH_PATHS = (
					"$(inherited)",
					/Applications/Xcode.app/Contents/Developer/Toolchains/XcodeDefault.xctoolchain/usr/include,
					/usr/include/libxml2,
				);
				INFOPLIST_FILE = "IOSExercise_allanxing/MSBLogs_AllanXing-Info.plist";
				IPHONEOS_DEPLOYMENT_TARGET = 6.0;
				LIBRARY_SEARCH_PATHS = (
					"$(inherited)",
					"$(PROJECT_DIR)/Vendor/ShareSDK/Extend/SinaWeiboSDK",
					"$(PROJECT_DIR)/Vendor/ShareSDK/Extend/TencentWeiboSDK",
					"$(PROJECT_DIR)/Vendor/ShareSDK/Extend/WeChatSDK",
					"$(PROJECT_DIR)/Vendor/ShareSDK/Extend/YiXinSDK",
				);
				OTHER_LDFLAGS = "-lxml2";
				PRODUCT_NAME = MSBLogs_AllanXing;
				SDKROOT = iphoneos;
				TARGETED_DEVICE_FAMILY = "1,2";
				VALID_ARCHS = "armv7 armv7s arm64";
				WRAPPER_EXTENSION = app;
			};
			name = Debug;
		};
		8B1DE805185A9DED009DEEC6 /* Release */ = {
			isa = XCBuildConfiguration;
			buildSettings = {
				ASSETCATALOG_COMPILER_APPICON_NAME = AppIcon;
				ASSETCATALOG_COMPILER_LAUNCHIMAGE_NAME = LaunchImage;
				FRAMEWORK_SEARCH_PATHS = (
					"$(inherited)",
					"$(PROJECT_DIR)/Vendor/ShareSDK/Connection",
					"$(PROJECT_DIR)/Vendor/ShareSDK/Core",
					"$(PROJECT_DIR)/Vendor/ShareSDK/Extend/GooglePlusSDK",
					"$(PROJECT_DIR)/Vendor/ShareSDK/Extend/Pinterest.embeddedframework",
					"$(PROJECT_DIR)/Vendor/ShareSDK/Extend/QQConnectSDK",
					"$(PROJECT_DIR)/Vendor/ShareSDK/Extend/RenRenSDK",
					"$(PROJECT_DIR)/Vendor/ShareSDK",
					"$(PROJECT_DIR)/Vendor/ShareSDK/UI",
				);
				GCC_PRECOMPILE_PREFIX_HEADER = YES;
				GCC_PREFIX_HEADER = "IOSExercise_allanxing/MSBLogs_AllanXing-Prefix.pch";
				HEADER_SEARCH_PATHS = (
					"$(inherited)",
					/Applications/Xcode.app/Contents/Developer/Toolchains/XcodeDefault.xctoolchain/usr/include,
					/usr/include/libxml2,
				);
				INFOPLIST_FILE = "IOSExercise_allanxing/MSBLogs_AllanXing-Info.plist";
				IPHONEOS_DEPLOYMENT_TARGET = 6.0;
				LIBRARY_SEARCH_PATHS = (
					"$(inherited)",
					"$(PROJECT_DIR)/Vendor/ShareSDK/Extend/SinaWeiboSDK",
					"$(PROJECT_DIR)/Vendor/ShareSDK/Extend/TencentWeiboSDK",
					"$(PROJECT_DIR)/Vendor/ShareSDK/Extend/WeChatSDK",
					"$(PROJECT_DIR)/Vendor/ShareSDK/Extend/YiXinSDK",
				);
				OTHER_LDFLAGS = "-lxml2";
				PRODUCT_NAME = MSBLogs_AllanXing;
				SDKROOT = iphoneos;
				TARGETED_DEVICE_FAMILY = "1,2";
				VALID_ARCHS = "armv7 armv7s arm64";
				WRAPPER_EXTENSION = app;
			};
			name = Release;
		};
		8B1DE807185A9DED009DEEC6 /* Debug */ = {
			isa = XCBuildConfiguration;
			buildSettings = {
				BUNDLE_LOADER = "$(BUILT_PRODUCTS_DIR)/IOSExercise_allanxing.app/IOSExercise_allanxing";
				FRAMEWORK_SEARCH_PATHS = (
					"$(SDKROOT)/Developer/Library/Frameworks",
					"$(inherited)",
					"$(DEVELOPER_FRAMEWORKS_DIR)",
				);
				GCC_PRECOMPILE_PREFIX_HEADER = YES;
				GCC_PREFIX_HEADER = "IOSExercise_allanxing/IOSExercise_allanxing-Prefix.pch";
				GCC_PREPROCESSOR_DEFINITIONS = (
					"DEBUG=1",
					"$(inherited)",
				);
				INFOPLIST_FILE = "IOSExercise_allanxingTests/MSBLogs_AllanXingTests-Info.plist";
				PRODUCT_NAME = MSBLogs_AllanXingTests;
				TEST_HOST = "$(BUNDLE_LOADER)";
				WRAPPER_EXTENSION = xctest;
			};
			name = Debug;
		};
		8B1DE808185A9DED009DEEC6 /* Release */ = {
			isa = XCBuildConfiguration;
			buildSettings = {
				BUNDLE_LOADER = "$(BUILT_PRODUCTS_DIR)/IOSExercise_allanxing.app/IOSExercise_allanxing";
				FRAMEWORK_SEARCH_PATHS = (
					"$(SDKROOT)/Developer/Library/Frameworks",
					"$(inherited)",
					"$(DEVELOPER_FRAMEWORKS_DIR)",
				);
				GCC_PRECOMPILE_PREFIX_HEADER = YES;
				GCC_PREFIX_HEADER = "IOSExercise_allanxing/IOSExercise_allanxing-Prefix.pch";
				INFOPLIST_FILE = "IOSExercise_allanxingTests/MSBLogs_AllanXingTests-Info.plist";
				PRODUCT_NAME = MSBLogs_AllanXingTests;
				TEST_HOST = "$(BUNDLE_LOADER)";
				WRAPPER_EXTENSION = xctest;
			};
			name = Release;
		};
/* End XCBuildConfiguration section */

/* Begin XCConfigurationList section */
		8B1DE7D2185A9DED009DEEC6 /* Build configuration list for PBXProject "MSBLogs_AllanXing" */ = {
			isa = XCConfigurationList;
			buildConfigurations = (
				8B1DE801185A9DED009DEEC6 /* Debug */,
				8B1DE802185A9DED009DEEC6 /* Release */,
			);
			defaultConfigurationIsVisible = 0;
			defaultConfigurationName = Release;
		};
		8B1DE803185A9DED009DEEC6 /* Build configuration list for PBXNativeTarget "MSBLogs_AllanXing" */ = {
			isa = XCConfigurationList;
			buildConfigurations = (
				8B1DE804185A9DED009DEEC6 /* Debug */,
				8B1DE805185A9DED009DEEC6 /* Release */,
			);
			defaultConfigurationIsVisible = 0;
			defaultConfigurationName = Release;
		};
		8B1DE806185A9DED009DEEC6 /* Build configuration list for PBXNativeTarget "MSBLogs_AllanXingTests" */ = {
			isa = XCConfigurationList;
			buildConfigurations = (
				8B1DE807185A9DED009DEEC6 /* Debug */,
				8B1DE808185A9DED009DEEC6 /* Release */,
			);
			defaultConfigurationIsVisible = 0;
			defaultConfigurationName = Release;
		};
/* End XCConfigurationList section */

/* Begin XCVersionGroup section */
		84D659CB18E4795800F64AF8 /* BlogModel.xcdatamodeld */ = {
			isa = XCVersionGroup;
			children = (
				84D659CC18E4795800F64AF8 /* BlogModel.xcdatamodel */,
			);
			currentVersion = 84D659CC18E4795800F64AF8 /* BlogModel.xcdatamodel */;
			path = BlogModel.xcdatamodeld;
			sourceTree = "<group>";
			versionGroupType = wrapper.xcdatamodel;
		};
/* End XCVersionGroup section */
	};
	rootObject = 8B1DE7CF185A9DED009DEEC6 /* Project object */;
}
