// !$*UTF8*$!
{
	archiveVersion = 1;
	classes = {
	};
	objectVersion = 46;
	objects = {

/* Begin PBXBuildFile section */
		8B1C2F8E188D0A8B00F4E0AA /* Channel.m in Sources */ = {isa = PBXBuildFile; fileRef = 8B1C2F8D188D0A8B00F4E0AA /* Channel.m */; };
		8B1C2F91188D18A000F4E0AA /* TestFile.m in Sources */ = {isa = PBXBuildFile; fileRef = 8B1C2F90188D18A000F4E0AA /* TestFile.m */; };
		8B1C2F94188D1FCC00F4E0AA /* Item.m in Sources */ = {isa = PBXBuildFile; fileRef = 8B1C2F93188D1FCC00F4E0AA /* Item.m */; };
		8B1DE7DB185A9DED009DEEC6 /* Foundation.framework in Frameworks */ = {isa = PBXBuildFile; fileRef = 8B1DE7DA185A9DED009DEEC6 /* Foundation.framework */; };
		8B1DE7DD185A9DED009DEEC6 /* CoreGraphics.framework in Frameworks */ = {isa = PBXBuildFile; fileRef = 8B1DE7DC185A9DED009DEEC6 /* CoreGraphics.framework */; };
		8B1DE7DF185A9DED009DEEC6 /* UIKit.framework in Frameworks */ = {isa = PBXBuildFile; fileRef = 8B1DE7DE185A9DED009DEEC6 /* UIKit.framework */; };
		8B1DE7E5185A9DED009DEEC6 /* InfoPlist.strings in Resources */ = {isa = PBXBuildFile; fileRef = 8B1DE7E3185A9DED009DEEC6 /* InfoPlist.strings */; };
		8B1DE7E7185A9DED009DEEC6 /* main.m in Sources */ = {isa = PBXBuildFile; fileRef = 8B1DE7E6185A9DED009DEEC6 /* main.m */; };
		8B1DE7EB185A9DED009DEEC6 /* XYQAppDelegate.m in Sources */ = {isa = PBXBuildFile; fileRef = 8B1DE7EA185A9DED009DEEC6 /* XYQAppDelegate.m */; };
		8B1DE7ED185A9DED009DEEC6 /* Images.xcassets in Resources */ = {isa = PBXBuildFile; fileRef = 8B1DE7EC185A9DED009DEEC6 /* Images.xcassets */; };
		8B1DE7F4185A9DED009DEEC6 /* XCTest.framework in Frameworks */ = {isa = PBXBuildFile; fileRef = 8B1DE7F3185A9DED009DEEC6 /* XCTest.framework */; };
		8B1DE7F5185A9DED009DEEC6 /* Foundation.framework in Frameworks */ = {isa = PBXBuildFile; fileRef = 8B1DE7DA185A9DED009DEEC6 /* Foundation.framework */; };
		8B1DE7F6185A9DED009DEEC6 /* UIKit.framework in Frameworks */ = {isa = PBXBuildFile; fileRef = 8B1DE7DE185A9DED009DEEC6 /* UIKit.framework */; };
		8B1DE7FE185A9DED009DEEC6 /* InfoPlist.strings in Resources */ = {isa = PBXBuildFile; fileRef = 8B1DE7FC185A9DED009DEEC6 /* InfoPlist.strings */; };
		8B1DE800185A9DED009DEEC6 /* IOSExercise_allanxingTests.m in Sources */ = {isa = PBXBuildFile; fileRef = 8B1DE7FF185A9DED009DEEC6 /* IOSExercise_allanxingTests.m */; };
		8B23ABED1885331E0090EFAE /* AllanXmlParse.m in Sources */ = {isa = PBXBuildFile; fileRef = 8B23ABEC1885331E0090EFAE /* AllanXmlParse.m */; };
		8B2CC4F318A5FED1005A7898 /* AboutViewController.m in Sources */ = {isa = PBXBuildFile; fileRef = 8B2CC4F218A5FED1005A7898 /* AboutViewController.m */; };
		8B2CC4F918A6262F005A7898 /* book_24.png in Resources */ = {isa = PBXBuildFile; fileRef = 8B2CC4F818A6262F005A7898 /* book_24.png */; };
		8B2CC4FB18A62769005A7898 /* info_24.png in Resources */ = {isa = PBXBuildFile; fileRef = 8B2CC4FA18A62769005A7898 /* info_24.png */; };
		8B943FA21895EF500010BA5B /* GDataXMLNode.m in Sources */ = {isa = PBXBuildFile; fileRef = 8B943FA11895EF500010BA5B /* GDataXMLNode.m */; };
		8B943FAA18960A9D0010BA5B /* libxml2.dylib in Frameworks */ = {isa = PBXBuildFile; fileRef = 8B943FA918960A9D0010BA5B /* libxml2.dylib */; };
		8B943FF318963D1C0010BA5B /* Main.storyboard in Resources */ = {isa = PBXBuildFile; fileRef = 8B943FF218963D1C0010BA5B /* Main.storyboard */; };
		8B943FF6189645CA0010BA5B /* BlogTableViewController.m in Sources */ = {isa = PBXBuildFile; fileRef = 8B943FF5189645CA0010BA5B /* BlogTableViewController.m */; };
		8BF6A0DE18616CD300BAE6A5 /* mtTableView.m in Sources */ = {isa = PBXBuildFile; fileRef = 8BF6A0DD18616CD300BAE6A5 /* mtTableView.m */; };
		8BF6A5361861943E00BAE6A5 /* Application.xib in Resources */ = {isa = PBXBuildFile; fileRef = 8BF6A5351861943E00BAE6A5 /* Application.xib */; };
		8BFB843E186D5D9E004C9AF0 /* NSURLConnectionExercise.m in Sources */ = {isa = PBXBuildFile; fileRef = 8BFB843D186D5D9E004C9AF0 /* NSURLConnectionExercise.m */; };
/* End PBXBuildFile section */

/* Begin PBXContainerItemProxy section */
		8B1DE7F7185A9DED009DEEC6 /* PBXContainerItemProxy */ = {
			isa = PBXContainerItemProxy;
			containerPortal = 8B1DE7CF185A9DED009DEEC6 /* Project object */;
			proxyType = 1;
			remoteGlobalIDString = 8B1DE7D6185A9DED009DEEC6;
			remoteInfo = IOSExercise_allanxing;
		};
/* End PBXContainerItemProxy section */

/* Begin PBXFileReference section */
		8B1C2F8C188D0A8B00F4E0AA /* Channel.h */ = {isa = PBXFileReference; fileEncoding = 4; lastKnownFileType = sourcecode.c.h; path = Channel.h; sourceTree = "<group>"; };
		8B1C2F8D188D0A8B00F4E0AA /* Channel.m */ = {isa = PBXFileReference; fileEncoding = 4; lastKnownFileType = sourcecode.c.objc; path = Channel.m; sourceTree = "<group>"; };
		8B1C2F8F188D18A000F4E0AA /* TestFile.h */ = {isa = PBXFileReference; fileEncoding = 4; lastKnownFileType = sourcecode.c.h; path = TestFile.h; sourceTree = "<group>"; };
		8B1C2F90188D18A000F4E0AA /* TestFile.m */ = {isa = PBXFileReference; fileEncoding = 4; lastKnownFileType = sourcecode.c.objc; path = TestFile.m; sourceTree = "<group>"; };
		8B1C2F92188D1FCC00F4E0AA /* Item.h */ = {isa = PBXFileReference; fileEncoding = 4; lastKnownFileType = sourcecode.c.h; path = Item.h; sourceTree = "<group>"; };
		8B1C2F93188D1FCC00F4E0AA /* Item.m */ = {isa = PBXFileReference; fileEncoding = 4; lastKnownFileType = sourcecode.c.objc; path = Item.m; sourceTree = "<group>"; };
		8B1DE7D7185A9DED009DEEC6 /* MSBLogs_AllanXing.app */ = {isa = PBXFileReference; explicitFileType = wrapper.application; includeInIndex = 0; path = MSBLogs_AllanXing.app; sourceTree = BUILT_PRODUCTS_DIR; };
		8B1DE7DA185A9DED009DEEC6 /* Foundation.framework */ = {isa = PBXFileReference; lastKnownFileType = wrapper.framework; name = Foundation.framework; path = System/Library/Frameworks/Foundation.framework; sourceTree = SDKROOT; };
		8B1DE7DC185A9DED009DEEC6 /* CoreGraphics.framework */ = {isa = PBXFileReference; lastKnownFileType = wrapper.framework; name = CoreGraphics.framework; path = System/Library/Frameworks/CoreGraphics.framework; sourceTree = SDKROOT; };
		8B1DE7DE185A9DED009DEEC6 /* UIKit.framework */ = {isa = PBXFileReference; lastKnownFileType = wrapper.framework; name = UIKit.framework; path = System/Library/Frameworks/UIKit.framework; sourceTree = SDKROOT; };
		8B1DE7E2185A9DED009DEEC6 /* MSBLogs_AllanXing-Info.plist */ = {isa = PBXFileReference; lastKnownFileType = text.plist.xml; path = "MSBLogs_AllanXing-Info.plist"; sourceTree = "<group>"; };
		8B1DE7E4185A9DED009DEEC6 /* en */ = {isa = PBXFileReference; lastKnownFileType = text.plist.strings; name = en; path = en.lproj/InfoPlist.strings; sourceTree = "<group>"; };
		8B1DE7E6185A9DED009DEEC6 /* main.m */ = {isa = PBXFileReference; lastKnownFileType = sourcecode.c.objc; path = main.m; sourceTree = "<group>"; };
		8B1DE7E8185A9DED009DEEC6 /* MSBLogs_AllanXing-Prefix.pch */ = {isa = PBXFileReference; lastKnownFileType = sourcecode.c.h; path = "MSBLogs_AllanXing-Prefix.pch"; sourceTree = "<group>"; };
		8B1DE7E9185A9DED009DEEC6 /* XYQAppDelegate.h */ = {isa = PBXFileReference; lastKnownFileType = sourcecode.c.h; path = XYQAppDelegate.h; sourceTree = "<group>"; };
		8B1DE7EA185A9DED009DEEC6 /* XYQAppDelegate.m */ = {isa = PBXFileReference; lastKnownFileType = sourcecode.c.objc; path = XYQAppDelegate.m; sourceTree = "<group>"; };
		8B1DE7EC185A9DED009DEEC6 /* Images.xcassets */ = {isa = PBXFileReference; lastKnownFileType = folder.assetcatalog; path = Images.xcassets; sourceTree = "<group>"; };
		8B1DE7F2185A9DED009DEEC6 /* MSBLogs_AllanXingTests.xctest */ = {isa = PBXFileReference; explicitFileType = wrapper.cfbundle; includeInIndex = 0; path = MSBLogs_AllanXingTests.xctest; sourceTree = BUILT_PRODUCTS_DIR; };
		8B1DE7F3185A9DED009DEEC6 /* XCTest.framework */ = {isa = PBXFileReference; lastKnownFileType = wrapper.framework; name = XCTest.framework; path = Library/Frameworks/XCTest.framework; sourceTree = DEVELOPER_DIR; };
		8B1DE7FB185A9DED009DEEC6 /* MSBLogs_AllanXingTests-Info.plist */ = {isa = PBXFileReference; lastKnownFileType = text.plist.xml; path = "MSBLogs_AllanXingTests-Info.plist"; sourceTree = "<group>"; };
		8B1DE7FD185A9DED009DEEC6 /* en */ = {isa = PBXFileReference; lastKnownFileType = text.plist.strings; name = en; path = en.lproj/InfoPlist.strings; sourceTree = "<group>"; };
		8B1DE7FF185A9DED009DEEC6 /* IOSExercise_allanxingTests.m */ = {isa = PBXFileReference; lastKnownFileType = sourcecode.c.objc; path = IOSExercise_allanxingTests.m; sourceTree = "<group>"; };
		8B23ABEA1884DEDC0090EFAE /* AllanNetWorkProtocol.h */ = {isa = PBXFileReference; lastKnownFileType = sourcecode.c.h; name = AllanNetWorkProtocol.h; path = IOSExercise_allanxing/AllanNetWorkProtocol.h; sourceTree = "<group>"; };
		8B23ABEB1885331E0090EFAE /* AllanXmlParse.h */ = {isa = PBXFileReference; fileEncoding = 4; lastKnownFileType = sourcecode.c.h; path = AllanXmlParse.h; sourceTree = "<group>"; };
		8B23ABEC1885331E0090EFAE /* AllanXmlParse.m */ = {isa = PBXFileReference; fileEncoding = 4; lastKnownFileType = sourcecode.c.objc; path = AllanXmlParse.m; sourceTree = "<group>"; };
		8B2CC4F118A5FED1005A7898 /* AboutViewController.h */ = {isa = PBXFileReference; fileEncoding = 4; lastKnownFileType = sourcecode.c.h; path = AboutViewController.h; sourceTree = "<group>"; };
		8B2CC4F218A5FED1005A7898 /* AboutViewController.m */ = {isa = PBXFileReference; fileEncoding = 4; lastKnownFileType = sourcecode.c.objc; path = AboutViewController.m; sourceTree = "<group>"; };
		8B2CC4F818A6262F005A7898 /* book_24.png */ = {isa = PBXFileReference; lastKnownFileType = image.png; path = book_24.png; sourceTree = "<group>"; };
		8B2CC4FA18A62769005A7898 /* info_24.png */ = {isa = PBXFileReference; lastKnownFileType = image.png; path = info_24.png; sourceTree = "<group>"; };
		8B943FA01895EF500010BA5B /* GDataXMLNode.h */ = {isa = PBXFileReference; fileEncoding = 4; lastKnownFileType = sourcecode.c.h; path = GDataXMLNode.h; sourceTree = "<group>"; };
		8B943FA11895EF500010BA5B /* GDataXMLNode.m */ = {isa = PBXFileReference; fileEncoding = 4; lastKnownFileType = sourcecode.c.objc; path = GDataXMLNode.m; sourceTree = "<group>"; };
		8B943FA918960A9D0010BA5B /* libxml2.dylib */ = {isa = PBXFileReference; lastKnownFileType = "compiled.mach-o.dylib"; name = libxml2.dylib; path = Platforms/iPhoneOS.platform/Developer/SDKs/iPhoneOS6.0.sdk/usr/lib/libxml2.dylib; sourceTree = DEVELOPER_DIR; };
		8B943FF218963D1C0010BA5B /* Main.storyboard */ = {isa = PBXFileReference; fileEncoding = 4; lastKnownFileType = file.storyboard; name = Main.storyboard; path = Views/Main.storyboard; sourceTree = "<group>"; };
		8B943FF4189645CA0010BA5B /* BlogTableViewController.h */ = {isa = PBXFileReference; fileEncoding = 4; lastKnownFileType = sourcecode.c.h; name = BlogTableViewController.h; path = Controllers/BlogTableViewController.h; sourceTree = "<group>"; };
		8B943FF5189645CA0010BA5B /* BlogTableViewController.m */ = {isa = PBXFileReference; fileEncoding = 4; lastKnownFileType = sourcecode.c.objc; name = BlogTableViewController.m; path = Controllers/BlogTableViewController.m; sourceTree = "<group>"; };
		8BF6A0DC18616CD300BAE6A5 /* mtTableView.h */ = {isa = PBXFileReference; fileEncoding = 4; lastKnownFileType = sourcecode.c.h; path = mtTableView.h; sourceTree = "<group>"; };
		8BF6A0DD18616CD300BAE6A5 /* mtTableView.m */ = {isa = PBXFileReference; fileEncoding = 4; lastKnownFileType = sourcecode.c.objc; path = mtTableView.m; sourceTree = "<group>"; };
		8BF6A5351861943E00BAE6A5 /* Application.xib */ = {isa = PBXFileReference; fileEncoding = 4; lastKnownFileType = file.xib; name = Application.xib; path = IOSExercise_allanxing/Application.xib; sourceTree = "<group>"; };
		8BFB843C186D5D9E004C9AF0 /* NSURLConnectionExercise.h */ = {isa = PBXFileReference; fileEncoding = 4; lastKnownFileType = sourcecode.c.h; name = NSURLConnectionExercise.h; path = IOSExercise_allanxing/NSURLConnectionExercise.h; sourceTree = "<group>"; };
		8BFB843D186D5D9E004C9AF0 /* NSURLConnectionExercise.m */ = {isa = PBXFileReference; fileEncoding = 4; lastKnownFileType = sourcecode.c.objc; name = NSURLConnectionExercise.m; path = IOSExercise_allanxing/NSURLConnectionExercise.m; sourceTree = "<group>"; };
/* End PBXFileReference section */

/* Begin PBXFrameworksBuildPhase section */
		8B1DE7D4185A9DED009DEEC6 /* Frameworks */ = {
			isa = PBXFrameworksBuildPhase;
			buildActionMask = 2147483647;
			files = (
				8B943FAA18960A9D0010BA5B /* libxml2.dylib in Frameworks */,
				8B1DE7DD185A9DED009DEEC6 /* CoreGraphics.framework in Frameworks */,
				8B1DE7DF185A9DED009DEEC6 /* UIKit.framework in Frameworks */,
				8B1DE7DB185A9DED009DEEC6 /* Foundation.framework in Frameworks */,
			);
			runOnlyForDeploymentPostprocessing = 0;
		};
		8B1DE7EF185A9DED009DEEC6 /* Frameworks */ = {
			isa = PBXFrameworksBuildPhase;
			buildActionMask = 2147483647;
			files = (
				8B1DE7F4185A9DED009DEEC6 /* XCTest.framework in Frameworks */,
				8B1DE7F6185A9DED009DEEC6 /* UIKit.framework in Frameworks */,
				8B1DE7F5185A9DED009DEEC6 /* Foundation.framework in Frameworks */,
			);
			runOnlyForDeploymentPostprocessing = 0;
		};
/* End PBXFrameworksBuildPhase section */

/* Begin PBXGroup section */
		8B1DE7CE185A9DED009DEEC6 = {
			isa = PBXGroup;
			children = (
				8B2CC4F618A6229E005A7898 /* Resources */,
				8B943FF7189646050010BA5B /* Commen */,
				8B943FF1189636840010BA5B /* Views */,
				8B943FAB1896295D0010BA5B /* Controllers */,
				8B988F71188FC696000DF2D0 /* Utility */,
				8B9396A118861F75002C1583 /* Models */,
				8B1DE7E0185A9DED009DEEC6 /* IOSExercise_allanxing */,
				8B1DE7F9185A9DED009DEEC6 /* IOSExercise_allanxingTests */,
				8B1DE7D9185A9DED009DEEC6 /* Frameworks */,
				8B1DE7D8185A9DED009DEEC6 /* Products */,
			);
			sourceTree = "<group>";
		};
		8B1DE7D8185A9DED009DEEC6 /* Products */ = {
			isa = PBXGroup;
			children = (
				8B1DE7D7185A9DED009DEEC6 /* MSBLogs_AllanXing.app */,
				8B1DE7F2185A9DED009DEEC6 /* MSBLogs_AllanXingTests.xctest */,
			);
			name = Products;
			sourceTree = "<group>";
		};
		8B1DE7D9185A9DED009DEEC6 /* Frameworks */ = {
			isa = PBXGroup;
			children = (
				8B943FA918960A9D0010BA5B /* libxml2.dylib */,
				8B1DE7DA185A9DED009DEEC6 /* Foundation.framework */,
				8B1DE7DC185A9DED009DEEC6 /* CoreGraphics.framework */,
				8B1DE7DE185A9DED009DEEC6 /* UIKit.framework */,
				8B1DE7F3185A9DED009DEEC6 /* XCTest.framework */,
			);
			name = Frameworks;
			sourceTree = "<group>";
		};
		8B1DE7E0185A9DED009DEEC6 /* IOSExercise_allanxing */ = {
			isa = PBXGroup;
			children = (
				8B1DE7E9185A9DED009DEEC6 /* XYQAppDelegate.h */,
				8B1DE7EA185A9DED009DEEC6 /* XYQAppDelegate.m */,
				8B1DE7EC185A9DED009DEEC6 /* Images.xcassets */,
				8B1DE7E1185A9DED009DEEC6 /* Supporting Files */,
				8BF6A0DC18616CD300BAE6A5 /* mtTableView.h */,
				8BF6A0DD18616CD300BAE6A5 /* mtTableView.m */,
				8B23ABEB1885331E0090EFAE /* AllanXmlParse.h */,
				8B23ABEC1885331E0090EFAE /* AllanXmlParse.m */,
				8B1C2F8F188D18A000F4E0AA /* TestFile.h */,
				8B1C2F90188D18A000F4E0AA /* TestFile.m */,
			);
			path = IOSExercise_allanxing;
			sourceTree = "<group>";
		};
		8B1DE7E1185A9DED009DEEC6 /* Supporting Files */ = {
			isa = PBXGroup;
			children = (
				8B1DE7E2185A9DED009DEEC6 /* MSBLogs_AllanXing-Info.plist */,
				8B1DE7E3185A9DED009DEEC6 /* InfoPlist.strings */,
				8B1DE7E6185A9DED009DEEC6 /* main.m */,
				8B1DE7E8185A9DED009DEEC6 /* MSBLogs_AllanXing-Prefix.pch */,
			);
			name = "Supporting Files";
			sourceTree = "<group>";
		};
		8B1DE7F9185A9DED009DEEC6 /* IOSExercise_allanxingTests */ = {
			isa = PBXGroup;
			children = (
				8B1DE7FF185A9DED009DEEC6 /* IOSExercise_allanxingTests.m */,
				8B1DE7FA185A9DED009DEEC6 /* Supporting Files */,
			);
			path = IOSExercise_allanxingTests;
			sourceTree = "<group>";
		};
		8B1DE7FA185A9DED009DEEC6 /* Supporting Files */ = {
			isa = PBXGroup;
			children = (
				8B1DE7FB185A9DED009DEEC6 /* MSBLogs_AllanXingTests-Info.plist */,
				8B1DE7FC185A9DED009DEEC6 /* InfoPlist.strings */,
			);
			name = "Supporting Files";
			sourceTree = "<group>";
		};
		8B2CC4F618A6229E005A7898 /* Resources */ = {
			isa = PBXGroup;
			children = (
				8B2CC4F718A62537005A7898 /* Images */,
			);
			name = Resources;
			path = MSBLogs_AllanXing.xcodeproj;
			sourceTree = "<group>";
		};
		8B2CC4F718A62537005A7898 /* Images */ = {
			isa = PBXGroup;
			children = (
				8B2CC4FA18A62769005A7898 /* info_24.png */,
				8B2CC4F818A6262F005A7898 /* book_24.png */,
			);
			name = Images;
			sourceTree = "<group>";
		};
		8B9396A118861F75002C1583 /* Models */ = {
			isa = PBXGroup;
			children = (
				8B1C2F8C188D0A8B00F4E0AA /* Channel.h */,
				8B1C2F8D188D0A8B00F4E0AA /* Channel.m */,
				8B1C2F92188D1FCC00F4E0AA /* Item.h */,
				8B1C2F93188D1FCC00F4E0AA /* Item.m */,
			);
			name = Models;
			sourceTree = "<group>";
		};
		8B943F9F1895EF500010BA5B /* GDataXML */ = {
			isa = PBXGroup;
			children = (
				8B943FA01895EF500010BA5B /* GDataXMLNode.h */,
				8B943FA11895EF500010BA5B /* GDataXMLNode.m */,
			);
			path = GDataXML;
			sourceTree = "<group>";
		};
		8B943FAB1896295D0010BA5B /* Controllers */ = {
			isa = PBXGroup;
			children = (
				8B943FF4189645CA0010BA5B /* BlogTableViewController.h */,
				8B943FF5189645CA0010BA5B /* BlogTableViewController.m */,
				8B2CC4F118A5FED1005A7898 /* AboutViewController.h */,
				8B2CC4F218A5FED1005A7898 /* AboutViewController.m */,
			);
			name = Controllers;
			sourceTree = "<group>";
		};
		8B943FF1189636840010BA5B /* Views */ = {
			isa = PBXGroup;
			children = (
				8BF6A5351861943E00BAE6A5 /* Application.xib */,
				8B943FF218963D1C0010BA5B /* Main.storyboard */,
			);
			name = Views;
			sourceTree = "<group>";
		};
		8B943FF7189646050010BA5B /* Commen */ = {
			isa = PBXGroup;
			children = (
			);
			name = Commen;
			sourceTree = "<group>";
		};
		8B943FF8189646790010BA5B /* Connection */ = {
			isa = PBXGroup;
			children = (
				8B23ABEA1884DEDC0090EFAE /* AllanNetWorkProtocol.h */,
				8BFB843C186D5D9E004C9AF0 /* NSURLConnectionExercise.h */,
				8BFB843D186D5D9E004C9AF0 /* NSURLConnectionExercise.m */,
			);
			name = Connection;
			sourceTree = "<group>";
		};
		8B988F71188FC696000DF2D0 /* Utility */ = {
			isa = PBXGroup;
			children = (
				8B943FF8189646790010BA5B /* Connection */,
				8B943F9F1895EF500010BA5B /* GDataXML */,
			);
			name = Utility;
			sourceTree = "<group>";
		};
/* End PBXGroup section */

/* Begin PBXNativeTarget section */
		8B1DE7D6185A9DED009DEEC6 /* MSBLogs_AllanXing */ = {
			isa = PBXNativeTarget;
			buildConfigurationList = 8B1DE803185A9DED009DEEC6 /* Build configuration list for PBXNativeTarget "MSBLogs_AllanXing" */;
			buildPhases = (
				8B1DE7D4185A9DED009DEEC6 /* Frameworks */,
				8B1DE7D3185A9DED009DEEC6 /* Sources */,
				8B1DE7D5185A9DED009DEEC6 /* Resources */,
			);
			buildRules = (
			);
			dependencies = (
			);
			name = MSBLogs_AllanXing;
			productName = IOSExercise_allanxing;
			productReference = 8B1DE7D7185A9DED009DEEC6 /* MSBLogs_AllanXing.app */;
			productType = "com.apple.product-type.application";
		};
		8B1DE7F1185A9DED009DEEC6 /* MSBLogs_AllanXingTests */ = {
			isa = PBXNativeTarget;
			buildConfigurationList = 8B1DE806185A9DED009DEEC6 /* Build configuration list for PBXNativeTarget "MSBLogs_AllanXingTests" */;
			buildPhases = (
				8B1DE7EE185A9DED009DEEC6 /* Sources */,
				8B1DE7EF185A9DED009DEEC6 /* Frameworks */,
				8B1DE7F0185A9DED009DEEC6 /* Resources */,
			);
			buildRules = (
			);
			dependencies = (
				8B1DE7F8185A9DED009DEEC6 /* PBXTargetDependency */,
			);
			name = MSBLogs_AllanXingTests;
			productName = IOSExercise_allanxingTests;
			productReference = 8B1DE7F2185A9DED009DEEC6 /* MSBLogs_AllanXingTests.xctest */;
			productType = "com.apple.product-type.bundle.unit-test";
		};
/* End PBXNativeTarget section */

/* Begin PBXProject section */
		8B1DE7CF185A9DED009DEEC6 /* Project object */ = {
			isa = PBXProject;
			attributes = {
				CLASSPREFIX = LXF;
				LastUpgradeCheck = 0500;
				ORGANIZATIONNAME = allan;
				TargetAttributes = {
					8B1DE7F1185A9DED009DEEC6 = {
						TestTargetID = 8B1DE7D6185A9DED009DEEC6;
					};
				};
			};
			buildConfigurationList = 8B1DE7D2185A9DED009DEEC6 /* Build configuration list for PBXProject "MSBLogs_AllanXing" */;
			compatibilityVersion = "Xcode 3.2";
			developmentRegion = English;
			hasScannedForEncodings = 0;
			knownRegions = (
				en,
			);
			mainGroup = 8B1DE7CE185A9DED009DEEC6;
			productRefGroup = 8B1DE7D8185A9DED009DEEC6 /* Products */;
			projectDirPath = "";
			projectRoot = "";
			targets = (
				8B1DE7D6185A9DED009DEEC6 /* MSBLogs_AllanXing */,
				8B1DE7F1185A9DED009DEEC6 /* MSBLogs_AllanXingTests */,
			);
		};
/* End PBXProject section */

/* Begin PBXResourcesBuildPhase section */
		8B1DE7D5185A9DED009DEEC6 /* Resources */ = {
			isa = PBXResourcesBuildPhase;
			buildActionMask = 2147483647;
			files = (
				8B1DE7E5185A9DED009DEEC6 /* InfoPlist.strings in Resources */,
				8B943FF318963D1C0010BA5B /* Main.storyboard in Resources */,
				8B2CC4F918A6262F005A7898 /* book_24.png in Resources */,
				8B1DE7ED185A9DED009DEEC6 /* Images.xcassets in Resources */,
				8BF6A5361861943E00BAE6A5 /* Application.xib in Resources */,
				8B2CC4FB18A62769005A7898 /* info_24.png in Resources */,
			);
			runOnlyForDeploymentPostprocessing = 0;
		};
		8B1DE7F0185A9DED009DEEC6 /* Resources */ = {
			isa = PBXResourcesBuildPhase;
			buildActionMask = 2147483647;
			files = (
				8B1DE7FE185A9DED009DEEC6 /* InfoPlist.strings in Resources */,
			);
			runOnlyForDeploymentPostprocessing = 0;
		};
/* End PBXResourcesBuildPhase section */

/* Begin PBXSourcesBuildPhase section */
		8B1DE7D3185A9DED009DEEC6 /* Sources */ = {
			isa = PBXSourcesBuildPhase;
			buildActionMask = 2147483647;
			files = (
				8B1C2F94188D1FCC00F4E0AA /* Item.m in Sources */,
				8BFB843E186D5D9E004C9AF0 /* NSURLConnectionExercise.m in Sources */,
				8B1C2F8E188D0A8B00F4E0AA /* Channel.m in Sources */,
				8B1DE7E7185A9DED009DEEC6 /* main.m in Sources */,
				8B23ABED1885331E0090EFAE /* AllanXmlParse.m in Sources */,
				8B943FF6189645CA0010BA5B /* BlogTableViewController.m in Sources */,
				8B943FA21895EF500010BA5B /* GDataXMLNode.m in Sources */,
				8B1C2F91188D18A000F4E0AA /* TestFile.m in Sources */,
				8B2CC4F318A5FED1005A7898 /* AboutViewController.m in Sources */,
				8BF6A0DE18616CD300BAE6A5 /* mtTableView.m in Sources */,
				8B1DE7EB185A9DED009DEEC6 /* XYQAppDelegate.m in Sources */,
			);
			runOnlyForDeploymentPostprocessing = 0;
		};
		8B1DE7EE185A9DED009DEEC6 /* Sources */ = {
			isa = PBXSourcesBuildPhase;
			buildActionMask = 2147483647;
			files = (
				8B1DE800185A9DED009DEEC6 /* IOSExercise_allanxingTests.m in Sources */,
			);
			runOnlyForDeploymentPostprocessing = 0;
		};
/* End PBXSourcesBuildPhase section */

/* Begin PBXTargetDependency section */
		8B1DE7F8185A9DED009DEEC6 /* PBXTargetDependency */ = {
			isa = PBXTargetDependency;
			target = 8B1DE7D6185A9DED009DEEC6 /* MSBLogs_AllanXing */;
			targetProxy = 8B1DE7F7185A9DED009DEEC6 /* PBXContainerItemProxy */;
		};
/* End PBXTargetDependency section */

/* Begin PBXVariantGroup section */
		8B1DE7E3185A9DED009DEEC6 /* InfoPlist.strings */ = {
			isa = PBXVariantGroup;
			children = (
				8B1DE7E4185A9DED009DEEC6 /* en */,
			);
			name = InfoPlist.strings;
			sourceTree = "<group>";
		};
		8B1DE7FC185A9DED009DEEC6 /* InfoPlist.strings */ = {
			isa = PBXVariantGroup;
			children = (
				8B1DE7FD185A9DED009DEEC6 /* en */,
			);
			name = InfoPlist.strings;
			sourceTree = "<group>";
		};
/* End PBXVariantGroup section */

/* Begin XCBuildConfiguration section */
		8B1DE801185A9DED009DEEC6 /* Debug */ = {
			isa = XCBuildConfiguration;
			buildSettings = {
				ALWAYS_SEARCH_USER_PATHS = NO;
				ARCHS = "$(ARCHS_STANDARD_INCLUDING_64_BIT)";
				CLANG_CXX_LANGUAGE_STANDARD = "gnu++0x";
				CLANG_CXX_LIBRARY = "libc++";
				CLANG_ENABLE_MODULES = YES;
				CLANG_ENABLE_OBJC_ARC = YES;
				CLANG_WARN_BOOL_CONVERSION = YES;
				CLANG_WARN_CONSTANT_CONVERSION = YES;
				CLANG_WARN_DIRECT_OBJC_ISA_USAGE = YES_ERROR;
				CLANG_WARN_EMPTY_BODY = YES;
				CLANG_WARN_ENUM_CONVERSION = YES;
				CLANG_WARN_INT_CONVERSION = YES;
				CLANG_WARN_OBJC_ROOT_CLASS = YES_ERROR;
				CLANG_WARN__DUPLICATE_METHOD_MATCH = YES;
				"CODE_SIGN_IDENTITY[sdk=iphoneos*]" = "iPhone Developer";
				COPY_PHASE_STRIP = NO;
				GCC_C_LANGUAGE_STANDARD = gnu99;
				GCC_DYNAMIC_NO_PIC = NO;
				GCC_OPTIMIZATION_LEVEL = 0;
				GCC_PREPROCESSOR_DEFINITIONS = (
					"DEBUG=1",
					"$(inherited)",
				);
				GCC_SYMBOLS_PRIVATE_EXTERN = NO;
				GCC_WARN_64_TO_32_BIT_CONVERSION = YES;
				GCC_WARN_ABOUT_RETURN_TYPE = YES_ERROR;
				GCC_WARN_UNDECLARED_SELECTOR = YES;
				GCC_WARN_UNINITIALIZED_AUTOS = YES;
				GCC_WARN_UNUSED_FUNCTION = YES;
				GCC_WARN_UNUSED_VARIABLE = YES;
				IPHONEOS_DEPLOYMENT_TARGET = 7.0;
				ONLY_ACTIVE_ARCH = YES;
				SDKROOT = iphoneos;
			};
			name = Debug;
		};
		8B1DE802185A9DED009DEEC6 /* Release */ = {
			isa = XCBuildConfiguration;
			buildSettings = {
				ALWAYS_SEARCH_USER_PATHS = NO;
				ARCHS = "$(ARCHS_STANDARD_INCLUDING_64_BIT)";
				CLANG_CXX_LANGUAGE_STANDARD = "gnu++0x";
				CLANG_CXX_LIBRARY = "libc++";
				CLANG_ENABLE_MODULES = YES;
				CLANG_ENABLE_OBJC_ARC = YES;
				CLANG_WARN_BOOL_CONVERSION = YES;
				CLANG_WARN_CONSTANT_CONVERSION = YES;
				CLANG_WARN_DIRECT_OBJC_ISA_USAGE = YES_ERROR;
				CLANG_WARN_EMPTY_BODY = YES;
				CLANG_WARN_ENUM_CONVERSION = YES;
				CLANG_WARN_INT_CONVERSION = YES;
				CLANG_WARN_OBJC_ROOT_CLASS = YES_ERROR;
				CLANG_WARN__DUPLICATE_METHOD_MATCH = YES;
				"CODE_SIGN_IDENTITY[sdk=iphoneos*]" = "iPhone Developer";
				COPY_PHASE_STRIP = YES;
				ENABLE_NS_ASSERTIONS = NO;
				GCC_C_LANGUAGE_STANDARD = gnu99;
				GCC_WARN_64_TO_32_BIT_CONVERSION = YES;
				GCC_WARN_ABOUT_RETURN_TYPE = YES_ERROR;
				GCC_WARN_UNDECLARED_SELECTOR = YES;
				GCC_WARN_UNINITIALIZED_AUTOS = YES;
				GCC_WARN_UNUSED_FUNCTION = YES;
				GCC_WARN_UNUSED_VARIABLE = YES;
				IPHONEOS_DEPLOYMENT_TARGET = 7.0;
				SDKROOT = iphoneos;
				VALIDATE_PRODUCT = YES;
			};
			name = Release;
		};
		8B1DE804185A9DED009DEEC6 /* Debug */ = {
			isa = XCBuildConfiguration;
			buildSettings = {
				ARCHS = "$(ARCHS_STANDARD)";
				ASSETCATALOG_COMPILER_LAUNCHIMAGE_NAME = LaunchImage;
				GCC_PRECOMPILE_PREFIX_HEADER = YES;
				GCC_PREFIX_HEADER = "IOSExercise_allanxing/MSBLogs_AllanXing-Prefix.pch";
				HEADER_SEARCH_PATHS = (
					"$(inherited)",
					/Applications/Xcode.app/Contents/Developer/Toolchains/XcodeDefault.xctoolchain/usr/include,
					/usr/include/libxml2,
				);
				INFOPLIST_FILE = "IOSExercise_allanxing/MSBLogs_AllanXing-Info.plist";
				IPHONEOS_DEPLOYMENT_TARGET = 6.0;
				OTHER_LDFLAGS = "-lxml2";
				PRODUCT_NAME = MSBLogs_AllanXing;
				SDKROOT = iphoneos7.0;
				TARGETED_DEVICE_FAMILY = 1;
				VALID_ARCHS = "armv7 armv7s arm64";
				WRAPPER_EXTENSION = app;
			};
			name = Debug;
		};
		8B1DE805185A9DED009DEEC6 /* Release */ = {
			isa = XCBuildConfiguration;
			buildSettings = {
				ARCHS = "$(ARCHS_STANDARD)";
				ASSETCATALOG_COMPILER_LAUNCHIMAGE_NAME = LaunchImage;
				GCC_PRECOMPILE_PREFIX_HEADER = YES;
				GCC_PREFIX_HEADER = "IOSExercise_allanxing/MSBLogs_AllanXing-Prefix.pch";
				HEADER_SEARCH_PATHS = (
					"$(inherited)",
					/Applications/Xcode.app/Contents/Developer/Toolchains/XcodeDefault.xctoolchain/usr/include,
					/usr/include/libxml2,
				);
				INFOPLIST_FILE = "IOSExercise_allanxing/MSBLogs_AllanXing-Info.plist";
				IPHONEOS_DEPLOYMENT_TARGET = 6.0;
				OTHER_LDFLAGS = "-lxml2";
				PRODUCT_NAME = MSBLogs_AllanXing;
				SDKROOT = iphoneos7.0;
				TARGETED_DEVICE_FAMILY = 1;
				VALID_ARCHS = "armv7 armv7s arm64";
				WRAPPER_EXTENSION = app;
			};
			name = Release;
		};
		8B1DE807185A9DED009DEEC6 /* Debug */ = {
			isa = XCBuildConfiguration;
			buildSettings = {
				ARCHS = "$(ARCHS_STANDARD_INCLUDING_64_BIT)";
				BUNDLE_LOADER = "$(BUILT_PRODUCTS_DIR)/IOSExercise_allanxing.app/IOSExercise_allanxing";
				FRAMEWORK_SEARCH_PATHS = (
					"$(SDKROOT)/Developer/Library/Frameworks",
					"$(inherited)",
					"$(DEVELOPER_FRAMEWORKS_DIR)",
				);
				GCC_PRECOMPILE_PREFIX_HEADER = YES;
				GCC_PREFIX_HEADER = "IOSExercise_allanxing/IOSExercise_allanxing-Prefix.pch";
				GCC_PREPROCESSOR_DEFINITIONS = (
					"DEBUG=1",
					"$(inherited)",
				);
				INFOPLIST_FILE = "IOSExercise_allanxingTests/MSBLogs_AllanXingTests-Info.plist";
				PRODUCT_NAME = MSBLogs_AllanXingTests;
				TEST_HOST = "$(BUNDLE_LOADER)";
				WRAPPER_EXTENSION = xctest;
			};
			name = Debug;
		};
		8B1DE808185A9DED009DEEC6 /* Release */ = {
			isa = XCBuildConfiguration;
			buildSettings = {
				ARCHS = "$(ARCHS_STANDARD_INCLUDING_64_BIT)";
				BUNDLE_LOADER = "$(BUILT_PRODUCTS_DIR)/IOSExercise_allanxing.app/IOSExercise_allanxing";
				FRAMEWORK_SEARCH_PATHS = (
					"$(SDKROOT)/Developer/Library/Frameworks",
					"$(inherited)",
					"$(DEVELOPER_FRAMEWORKS_DIR)",
				);
				GCC_PRECOMPILE_PREFIX_HEADER = YES;
				GCC_PREFIX_HEADER = "IOSExercise_allanxing/IOSExercise_allanxing-Prefix.pch";
				INFOPLIST_FILE = "IOSExercise_allanxingTests/MSBLogs_AllanXingTests-Info.plist";
				PRODUCT_NAME = MSBLogs_AllanXingTests;
				TEST_HOST = "$(BUNDLE_LOADER)";
				WRAPPER_EXTENSION = xctest;
			};
			name = Release;
		};
/* End XCBuildConfiguration section */

/* Begin XCConfigurationList section */
		8B1DE7D2185A9DED009DEEC6 /* Build configuration list for PBXProject "MSBLogs_AllanXing" */ = {
			isa = XCConfigurationList;
			buildConfigurations = (
				8B1DE801185A9DED009DEEC6 /* Debug */,
				8B1DE802185A9DED009DEEC6 /* Release */,
			);
			defaultConfigurationIsVisible = 0;
			defaultConfigurationName = Release;
		};
		8B1DE803185A9DED009DEEC6 /* Build configuration list for PBXNativeTarget "MSBLogs_AllanXing" */ = {
			isa = XCConfigurationList;
			buildConfigurations = (
				8B1DE804185A9DED009DEEC6 /* Debug */,
				8B1DE805185A9DED009DEEC6 /* Release */,
			);
			defaultConfigurationIsVisible = 0;
			defaultConfigurationName = Release;
		};
		8B1DE806185A9DED009DEEC6 /* Build configuration list for PBXNativeTarget "MSBLogs_AllanXingTests" */ = {
			isa = XCConfigurationList;
			buildConfigurations = (
				8B1DE807185A9DED009DEEC6 /* Debug */,
				8B1DE808185A9DED009DEEC6 /* Release */,
			);
			defaultConfigurationIsVisible = 0;
			defaultConfigurationName = Release;
		};
/* End XCConfigurationList section */
	};
	rootObject = 8B1DE7CF185A9DED009DEEC6 /* Project object */;
}
